{
  "originHash" : "730954c98211394705d73c8ee0dcae1e31a418112a0fdffbfcc9445e93662c5b",
  "pins" : [
    {
      "identity" : "alamofire",
      "kind" : "remoteSourceControl",
      "location" : "https://github.com/Alamofire/Alamofire.git",
      "state" : {
        "revision" : "f455c2975872ccd2d9c81594c658af65716e9b9a",
        "version" : "5.9.1"
      }
    },
    {
      "identity" : "swiftkeychainwrapper",
      "kind" : "remoteSourceControl",
      "location" : "https://github.com/jrendel/SwiftKeychainWrapper",
      "state" : {
        "revision" : "185a3165346a03767101c4f62e9a545a0fe0530f",
        "version" : "4.0.1"
      }
    }
  ],
  "version" : 3
}
