// !$*UTF8*$!
{
	archiveVersion = 1;
	classes = {
	};
	objectVersion = 56;
	objects = {

/* Begin PBXBuildFile section */
		04066CF62C16243E0089DAF8 /* TransactionCell.swift in Sources */ = {isa = PBXBuildFile; fileRef = 04066CF42C16243E0089DAF8 /* TransactionCell.swift */; };
		04066CF72C16243E0089DAF8 /* TransactionCell.xib in Resources */ = {isa = PBXBuildFile; fileRef = 04066CF52C16243E0089DAF8 /* TransactionCell.xib */; };
		041966C32C48BAAB002AFF78 /* AESCrypt.swift in Sources */ = {isa = PBXBuildFile; fileRef = 041966C22C48BAAB002AFF78 /* AESCrypt.swift */; };
		042111C42C43D597002621F7 /* ScanResult.swift in Sources */ = {isa = PBXBuildFile; fileRef = 042111C32C43D597002621F7 /* ScanResult.swift */; };
		042111C72C43D724002621F7 /* BalanceEntity.swift in Sources */ = {isa = PBXBuildFile; fileRef = 042111C62C43D724002621F7 /* BalanceEntity.swift */; };
		0428FEF42C2652A500B57812 /* Pods_Mena_App.framework in Frameworks */ = {isa = PBXBuildFile; fileRef = 9ED458836DFCA01327D434F3 /* Pods_Mena_App.framework */; };
		0428FEF52C2652A500B57812 /* Pods_Mena_App.framework in Embed Frameworks */ = {isa = PBXBuildFile; fileRef = 9ED458836DFCA01327D434F3 /* Pods_Mena_App.framework */; settings = {ATTRIBUTES = (CodeSignOnCopy, RemoveHeadersOnCopy, ); }; };
		0428FEF82C29A53100B57812 /* SignatureHelper.swift in Sources */ = {isa = PBXBuildFile; fileRef = 0428FEF72C29A53100B57812 /* SignatureHelper.swift */; };
		0428FEFA2C29A72900B57812 /* MessageHelper.swift in Sources */ = {isa = PBXBuildFile; fileRef = 0428FEF92C29A72900B57812 /* MessageHelper.swift */; };
		0428FF022C29AD3E00B57812 /* SwiftKeychainWrapper in Frameworks */ = {isa = PBXBuildFile; productRef = 0428FF012C29AD3E00B57812 /* SwiftKeychainWrapper */; };
		0428FF042C29B18500B57812 /* ErrorLogger.swift in Sources */ = {isa = PBXBuildFile; fileRef = 0428FF032C29B18500B57812 /* ErrorLogger.swift */; };
		0428FF072C29B65500B57812 /* SignUpRequest.swift in Sources */ = {isa = PBXBuildFile; fileRef = 0428FF062C29B65500B57812 /* SignUpRequest.swift */; };
		0428FF0A2C29C12200B57812 /* JsonSerializing.swift in Sources */ = {isa = PBXBuildFile; fileRef = 0428FF092C29C12200B57812 /* JsonSerializing.swift */; };
		042E5F5C2C459CA900E8D4B3 /* BalanceManager.swift in Sources */ = {isa = PBXBuildFile; fileRef = 042E5F5B2C459CA900E8D4B3 /* BalanceManager.swift */; };
		042E5F5E2C4615C100E8D4B3 /* BalanceData+Coredata.swift in Sources */ = {isa = PBXBuildFile; fileRef = 042E5F5D2C4615C100E8D4B3 /* BalanceData+Coredata.swift */; };
		042E5F612C46575500E8D4B3 /* TrransactionResponse.swift in Sources */ = {isa = PBXBuildFile; fileRef = 042E5F602C46575500E8D4B3 /* TrransactionResponse.swift */; };
		0444E40B2C3ED5C0009F7614 /* BigDecimal in Frameworks */ = {isa = PBXBuildFile; productRef = 0444E40A2C3ED5C0009F7614 /* BigDecimal */; };
		0444E4102C3EF2A5009F7614 /* Utilities.swift in Sources */ = {isa = PBXBuildFile; fileRef = 0444E40F2C3EF2A5009F7614 /* Utilities.swift */; };
		0463DD972C1386F400B775B1 /* AppDelegate.swift in Sources */ = {isa = PBXBuildFile; fileRef = 0463DD962C1386F400B775B1 /* AppDelegate.swift */; };
		0463DDA02C1386F700B775B1 /* Assets.xcassets in Resources */ = {isa = PBXBuildFile; fileRef = 0463DD9F2C1386F700B775B1 /* Assets.xcassets */; };
		0463DDA32C1386F700B775B1 /* Base in Resources */ = {isa = PBXBuildFile; fileRef = 0463DDA22C1386F700B775B1 /* Base */; };
		0463DDAE2C1386F700B775B1 /* Mena_AppTests.swift in Sources */ = {isa = PBXBuildFile; fileRef = 0463DDAD2C1386F700B775B1 /* Mena_AppTests.swift */; };
		0463DDB82C1386F700B775B1 /* Mena_AppUITests.swift in Sources */ = {isa = PBXBuildFile; fileRef = 0463DDB72C1386F700B775B1 /* Mena_AppUITests.swift */; };
		0463DDBA2C1386F700B775B1 /* Mena_AppUITestsLaunchTests.swift in Sources */ = {isa = PBXBuildFile; fileRef = 0463DDB92C1386F700B775B1 /* Mena_AppUITestsLaunchTests.swift */; };
		0463DDDC2C14451500B775B1 /* Constants.swift in Sources */ = {isa = PBXBuildFile; fileRef = 0463DDDB2C14451500B775B1 /* Constants.swift */; };
		0463DDDE2C14452500B775B1 /* WebConstants.swift in Sources */ = {isa = PBXBuildFile; fileRef = 0463DDDD2C14452500B775B1 /* WebConstants.swift */; };
		0463DDE12C1446CA00B775B1 /* PreLogin.storyboard in Resources */ = {isa = PBXBuildFile; fileRef = 0463DDE02C1446CA00B775B1 /* PreLogin.storyboard */; };
		046E07FC2C39342200DDBD3A /* CountryCurrency.swift in Sources */ = {isa = PBXBuildFile; fileRef = 046E07FB2C39342200DDBD3A /* CountryCurrency.swift */; };
		046E07FE2C394DC400DDBD3A /* CountryManager.swift in Sources */ = {isa = PBXBuildFile; fileRef = 046E07FD2C394DC400DDBD3A /* CountryManager.swift */; };
		046E08002C394E6700DDBD3A /* CountryData+CoreData.swift in Sources */ = {isa = PBXBuildFile; fileRef = 046E07FF2C394E6700DDBD3A /* CountryData+CoreData.swift */; };
		046E08022C394F4A00DDBD3A /* CurrencyManager.swift in Sources */ = {isa = PBXBuildFile; fileRef = 046E08012C394F4A00DDBD3A /* CurrencyManager.swift */; };
		046E08042C394FDB00DDBD3A /* CurrencyData+CoreData.swift in Sources */ = {isa = PBXBuildFile; fileRef = 046E08032C394FDB00DDBD3A /* CurrencyData+CoreData.swift */; };
		046E08072C397E2600DDBD3A /* Refill.swift in Sources */ = {isa = PBXBuildFile; fileRef = 046E08062C397E2600DDBD3A /* Refill.swift */; };
		046E080A2C39AA9F00DDBD3A /* BankDetail.swift in Sources */ = {isa = PBXBuildFile; fileRef = 046E08092C39AA9F00DDBD3A /* BankDetail.swift */; };
		046E080D2C39D46E00DDBD3A /* BankRefillREsponse.swift in Sources */ = {isa = PBXBuildFile; fileRef = 046E080C2C39D46E00DDBD3A /* BankRefillREsponse.swift */; };
		046E080F2C39D6D400DDBD3A /* RefillManager.swift in Sources */ = {isa = PBXBuildFile; fileRef = 046E080E2C39D6D400DDBD3A /* RefillManager.swift */; };
		046E08112C39D73500DDBD3A /* RefillData+CoreData.swift in Sources */ = {isa = PBXBuildFile; fileRef = 046E08102C39D73500DDBD3A /* RefillData+CoreData.swift */; };
		046E08132C3A707A00DDBD3A /* MenaWalletManager.swift in Sources */ = {isa = PBXBuildFile; fileRef = 046E08122C3A707A00DDBD3A /* MenaWalletManager.swift */; };
		04834A822C1B71E500C19EA2 /* AllRefillViewController.swift in Sources */ = {isa = PBXBuildFile; fileRef = 04834A812C1B71E500C19EA2 /* AllRefillViewController.swift */; };
		049F879E2C250DF600805A74 /* WalletManager.swift in Sources */ = {isa = PBXBuildFile; fileRef = 04F36B242C2298F600E6B0A7 /* WalletManager.swift */; };
		04A1C2782C2588320096B79F /* Main.storyboard in Resources */ = {isa = PBXBuildFile; fileRef = 0463DD9C2C1386F400B775B1 /* Main.storyboard */; };
		04A1C2792C2588390096B79F /* LaunchScreen.storyboard in Resources */ = {isa = PBXBuildFile; fileRef = 0463DDA12C1386F700B775B1 /* LaunchScreen.storyboard */; };
		04AD7CBC2C18005000BE3E16 /* ChangePasswordViewController.swift in Sources */ = {isa = PBXBuildFile; fileRef = 04AD7CBB2C18005000BE3E16 /* ChangePasswordViewController.swift */; };
		04AD7CBE2C18007B00BE3E16 /* ChangeBankingDetailViewController.swift in Sources */ = {isa = PBXBuildFile; fileRef = 04AD7CBD2C18007B00BE3E16 /* ChangeBankingDetailViewController.swift */; };
		04AD7CC02C1800A500BE3E16 /* PrivateKeyViewController.swift in Sources */ = {isa = PBXBuildFile; fileRef = 04AD7CBF2C1800A500BE3E16 /* PrivateKeyViewController.swift */; };
		04AD7CC22C1800C800BE3E16 /* ImportWalletViewController.swift in Sources */ = {isa = PBXBuildFile; fileRef = 04AD7CC12C1800C800BE3E16 /* ImportWalletViewController.swift */; };
		04AD7CC42C1800F200BE3E16 /* ImportPrivateKeyViewController.swift in Sources */ = {isa = PBXBuildFile; fileRef = 04AD7CC32C1800F200BE3E16 /* ImportPrivateKeyViewController.swift */; };
		04AD7CC72C1804D600BE3E16 /* RefillViewController.swift in Sources */ = {isa = PBXBuildFile; fileRef = 04AD7CC62C1804D600BE3E16 /* RefillViewController.swift */; };
		04AD7CCA2C18053C00BE3E16 /* SendCoinViewController.swift in Sources */ = {isa = PBXBuildFile; fileRef = 04AD7CC92C18053C00BE3E16 /* SendCoinViewController.swift */; };
		04AD7CCC2C18A90400BE3E16 /* CustomHeader.swift in Sources */ = {isa = PBXBuildFile; fileRef = 04AD7CCB2C18A90400BE3E16 /* CustomHeader.swift */; };
		04AD7CCF2C19423100BE3E16 /* RecieveViewController.swift in Sources */ = {isa = PBXBuildFile; fileRef = 04AD7CCE2C19423100BE3E16 /* RecieveViewController.swift */; };
		04AD7CD22C1948BC00BE3E16 /* WaitingNFCViewController.swift in Sources */ = {isa = PBXBuildFile; fileRef = 04AD7CD12C1948BC00BE3E16 /* WaitingNFCViewController.swift */; };
		04AD7CD52C19636A00BE3E16 /* ImportMnemonicViewController.swift in Sources */ = {isa = PBXBuildFile; fileRef = 04AD7CD42C19636A00BE3E16 /* ImportMnemonicViewController.swift */; };
		04AD7CDA2C19682500BE3E16 /* ShowPrivateKeyViewController.swift in Sources */ = {isa = PBXBuildFile; fileRef = 04AD7CD92C19682500BE3E16 /* ShowPrivateKeyViewController.swift */; };
		04BDCF242C157D5B0053EECE /* TabBarController.swift in Sources */ = {isa = PBXBuildFile; fileRef = 04BDCF232C157D5B0053EECE /* TabBarController.swift */; };
		04BDCF2A2C158F350053EECE /* HomeViewController.swift in Sources */ = {isa = PBXBuildFile; fileRef = 04BDCF292C158F350053EECE /* HomeViewController.swift */; };
		04BDCF2C2C158F5C0053EECE /* PaymentViewController.swift in Sources */ = {isa = PBXBuildFile; fileRef = 04BDCF2B2C158F5C0053EECE /* PaymentViewController.swift */; };
		04BDCF2E2C158F760053EECE /* SettingViewController.swift in Sources */ = {isa = PBXBuildFile; fileRef = 04BDCF2D2C158F760053EECE /* SettingViewController.swift */; };
		04BDCF302C158F970053EECE /* TransactionHistoryViewController.swift in Sources */ = {isa = PBXBuildFile; fileRef = 04BDCF2F2C158F970053EECE /* TransactionHistoryViewController.swift */; };
		04C54C1A2C144C8E00D3AFCE /* OnboardingContentViewController.swift in Sources */ = {isa = PBXBuildFile; fileRef = 04C54C162C144C8E00D3AFCE /* OnboardingContentViewController.swift */; };
		04C54C1B2C144C8E00D3AFCE /* OnboardingViewController.swift in Sources */ = {isa = PBXBuildFile; fileRef = 04C54C172C144C8E00D3AFCE /* OnboardingViewController.swift */; };
		04C54C1D2C144C8E00D3AFCE /* OnboardingPageViewController.swift in Sources */ = {isa = PBXBuildFile; fileRef = 04C54C192C144C8E00D3AFCE /* OnboardingPageViewController.swift */; };
		04C54C1F2C1490E100D3AFCE /* Identifiers.swift in Sources */ = {isa = PBXBuildFile; fileRef = 04C54C1E2C1490E100D3AFCE /* Identifiers.swift */; };
		04C54C242C1496C600D3AFCE /* ViewController.swift in Sources */ = {isa = PBXBuildFile; fileRef = 04C54C232C1496C600D3AFCE /* ViewController.swift */; };
		04C54C262C14974D00D3AFCE /* Router.swift in Sources */ = {isa = PBXBuildFile; fileRef = 04C54C252C14974D00D3AFCE /* Router.swift */; };
		04C54C282C1497D600D3AFCE /* Protocol.swift in Sources */ = {isa = PBXBuildFile; fileRef = 04C54C272C1497D600D3AFCE /* Protocol.swift */; };
		04C54C2B2C14982300D3AFCE /* ApiList.swift in Sources */ = {isa = PBXBuildFile; fileRef = 04C54C2A2C14982300D3AFCE /* ApiList.swift */; };
		04C54C2D2C14996200D3AFCE /* AppData.swift in Sources */ = {isa = PBXBuildFile; fileRef = 04C54C2C2C14996200D3AFCE /* AppData.swift */; };
		04C54C2F2C14997800D3AFCE /* ErrorMessage.swift in Sources */ = {isa = PBXBuildFile; fileRef = 04C54C2E2C14997800D3AFCE /* ErrorMessage.swift */; };
		04C54C322C1499BF00D3AFCE /* Error.swift in Sources */ = {isa = PBXBuildFile; fileRef = 04C54C312C1499BF00D3AFCE /* Error.swift */; };
		04C54C352C149A1A00D3AFCE /* Common.swift in Sources */ = {isa = PBXBuildFile; fileRef = 04C54C342C149A1A00D3AFCE /* Common.swift */; };
		04C54C372C149B7400D3AFCE /* FontHelper.swift in Sources */ = {isa = PBXBuildFile; fileRef = 04C54C362C149B7400D3AFCE /* FontHelper.swift */; };
		04C54C3C2C149E4100D3AFCE /* Poppins_Bold.otf in Resources */ = {isa = PBXBuildFile; fileRef = 04C54C382C149E4000D3AFCE /* Poppins_Bold.otf */; };
		04C54C3D2C149E4100D3AFCE /* Poppins_Medium.otf in Resources */ = {isa = PBXBuildFile; fileRef = 04C54C392C149E4100D3AFCE /* Poppins_Medium.otf */; };
		04C54C3E2C149E4100D3AFCE /* Poppins_SemiBold.otf in Resources */ = {isa = PBXBuildFile; fileRef = 04C54C3A2C149E4100D3AFCE /* Poppins_SemiBold.otf */; };
		04C54C3F2C149E4100D3AFCE /* Poppins_Regular.otf in Resources */ = {isa = PBXBuildFile; fileRef = 04C54C3B2C149E4100D3AFCE /* Poppins_Regular.otf */; };
		04C54C422C14A15100D3AFCE /* String.swift in Sources */ = {isa = PBXBuildFile; fileRef = 04C54C412C14A15100D3AFCE /* String.swift */; };
		04C54C442C14A19000D3AFCE /* Globle.swift in Sources */ = {isa = PBXBuildFile; fileRef = 04C54C432C14A19000D3AFCE /* Globle.swift */; };
		04C54C462C14ADD800D3AFCE /* Presenter.swift in Sources */ = {isa = PBXBuildFile; fileRef = 04C54C452C14ADD800D3AFCE /* Presenter.swift */; };
		04C54C482C14AE1200D3AFCE /* PresenterProcessor.swift in Sources */ = {isa = PBXBuildFile; fileRef = 04C54C472C14AE1200D3AFCE /* PresenterProcessor.swift */; };
		04C54C4A2C14AE4C00D3AFCE /* Interactor.swift in Sources */ = {isa = PBXBuildFile; fileRef = 04C54C492C14AE4C00D3AFCE /* Interactor.swift */; };
		04C54C4C2C14AEF600D3AFCE /* WebService.swift in Sources */ = {isa = PBXBuildFile; fileRef = 04C54C4B2C14AEF600D3AFCE /* WebService.swift */; };
		04C54C4F2C14BD1000D3AFCE /* PasswordViewController.swift in Sources */ = {isa = PBXBuildFile; fileRef = 04C54C4E2C14BD1000D3AFCE /* PasswordViewController.swift */; };
		04C54C522C14E08D00D3AFCE /* CreateWalletViewController.swift in Sources */ = {isa = PBXBuildFile; fileRef = 04C54C512C14E08D00D3AFCE /* CreateWalletViewController.swift */; };
		04CC410D2C405F70007865AF /* SendCoinRequest.swift in Sources */ = {isa = PBXBuildFile; fileRef = 04CC410C2C405F70007865AF /* SendCoinRequest.swift */; };
		04E6DD572C3306420084834E /* UIView.swift in Sources */ = {isa = PBXBuildFile; fileRef = 04E6DD562C3306420084834E /* UIView.swift */; };
		04E6DD672C3470A40084834E /* History.swift in Sources */ = {isa = PBXBuildFile; fileRef = 04E6DD662C3470A40084834E /* History.swift */; };
		04E6DD6A2C34846C0084834E /* Formatter.swift in Sources */ = {isa = PBXBuildFile; fileRef = 04E6DD692C34846C0084834E /* Formatter.swift */; };
		04E6DD6E2C34F1C00084834E /* CoreData.xcdatamodeld in Sources */ = {isa = PBXBuildFile; fileRef = 04E6DD6C2C34F1C00084834E /* CoreData.xcdatamodeld */; };
		04E6DD702C34F53C0084834E /* TransactionManager.swift in Sources */ = {isa = PBXBuildFile; fileRef = 04E6DD6F2C34F53C0084834E /* TransactionManager.swift */; };
		04E6DD722C34F9310084834E /* HistoryData+CoreData.swift in Sources */ = {isa = PBXBuildFile; fileRef = 04E6DD712C34F9310084834E /* HistoryData+CoreData.swift */; };
		04E6DD7B2C35AF4F0084834E /* Alamofire in Frameworks */ = {isa = PBXBuildFile; productRef = 04E6DD7A2C35AF4F0084834E /* Alamofire */; };
		04E6DD812C35CE0F0084834E /* Contracts.swift in Sources */ = {isa = PBXBuildFile; fileRef = 04E6DD802C35CE0F0084834E /* Contracts.swift */; };
		04E6DD832C35DA490084834E /* ContractManager.swift in Sources */ = {isa = PBXBuildFile; fileRef = 04E6DD822C35DA490084834E /* ContractManager.swift */; };
		04E6DD852C35DD430084834E /* ContractData+CoreData.swift in Sources */ = {isa = PBXBuildFile; fileRef = 04E6DD842C35DD430084834E /* ContractData+CoreData.swift */; };
		04E6DD982C391B310084834E /* iOSDropDown.swift in Sources */ = {isa = PBXBuildFile; fileRef = 04E6DD972C391B310084834E /* iOSDropDown.swift */; };
		04F36B222C21E09400E6B0A7 /* ReadMe.swift in Sources */ = {isa = PBXBuildFile; fileRef = 04F36B212C21E09400E6B0A7 /* ReadMe.swift */; };
		815C7D257B32E0CC542AEC12 /* Pods_Mena_App_Mena_AppUITests.framework in Frameworks */ = {isa = PBXBuildFile; fileRef = 2A2FC48B97C61CA2731288A7 /* Pods_Mena_App_Mena_AppUITests.framework */; };
		B6A021D000625E6BA511C269 /* Pods_Mena_AppTests.framework in Frameworks */ = {isa = PBXBuildFile; fileRef = A061F7859AE5E86F74E25865 /* Pods_Mena_AppTests.framework */; };
/* End PBXBuildFile section */

/* Begin PBXContainerItemProxy section */
		0463DDAA2C1386F700B775B1 /* PBXContainerItemProxy */ = {
			isa = PBXContainerItemProxy;
			containerPortal = 0463DD8B2C1386F400B775B1 /* Project object */;
			proxyType = 1;
			remoteGlobalIDString = 0463DD922C1386F400B775B1;
			remoteInfo = "Mena App";
		};
		0463DDB42C1386F700B775B1 /* PBXContainerItemProxy */ = {
			isa = PBXContainerItemProxy;
			containerPortal = 0463DD8B2C1386F400B775B1 /* Project object */;
			proxyType = 1;
			remoteGlobalIDString = 0463DD922C1386F400B775B1;
			remoteInfo = "Mena App";
		};
/* End PBXContainerItemProxy section */

/* Begin PBXCopyFilesBuildPhase section */
		0428FEF62C2652A500B57812 /* Embed Frameworks */ = {
			isa = PBXCopyFilesBuildPhase;
			buildActionMask = 2147483647;
			dstPath = "";
			dstSubfolderSpec = 10;
			files = (
				0428FEF52C2652A500B57812 /* Pods_Mena_App.framework in Embed Frameworks */,
			);
			name = "Embed Frameworks";
			runOnlyForDeploymentPostprocessing = 0;
		};
/* End PBXCopyFilesBuildPhase section */

/* Begin PBXFileReference section */
		04066CF42C16243E0089DAF8 /* TransactionCell.swift */ = {isa = PBXFileReference; lastKnownFileType = sourcecode.swift; path = TransactionCell.swift; sourceTree = "<group>"; };
		04066CF52C16243E0089DAF8 /* TransactionCell.xib */ = {isa = PBXFileReference; lastKnownFileType = file.xib; path = TransactionCell.xib; sourceTree = "<group>"; };
		041966C22C48BAAB002AFF78 /* AESCrypt.swift */ = {isa = PBXFileReference; lastKnownFileType = sourcecode.swift; path = AESCrypt.swift; sourceTree = "<group>"; };
		042111C32C43D597002621F7 /* ScanResult.swift */ = {isa = PBXFileReference; lastKnownFileType = sourcecode.swift; path = ScanResult.swift; sourceTree = "<group>"; };
		042111C62C43D724002621F7 /* BalanceEntity.swift */ = {isa = PBXFileReference; lastKnownFileType = sourcecode.swift; path = BalanceEntity.swift; sourceTree = "<group>"; };
		0428FEF72C29A53100B57812 /* SignatureHelper.swift */ = {isa = PBXFileReference; lastKnownFileType = sourcecode.swift; path = SignatureHelper.swift; sourceTree = "<group>"; };
		0428FEF92C29A72900B57812 /* MessageHelper.swift */ = {isa = PBXFileReference; lastKnownFileType = sourcecode.swift; path = MessageHelper.swift; sourceTree = "<group>"; };
		0428FF032C29B18500B57812 /* ErrorLogger.swift */ = {isa = PBXFileReference; lastKnownFileType = sourcecode.swift; path = ErrorLogger.swift; sourceTree = "<group>"; };
		0428FF062C29B65500B57812 /* SignUpRequest.swift */ = {isa = PBXFileReference; lastKnownFileType = sourcecode.swift; path = SignUpRequest.swift; sourceTree = "<group>"; };
		0428FF092C29C12200B57812 /* JsonSerializing.swift */ = {isa = PBXFileReference; lastKnownFileType = sourcecode.swift; path = JsonSerializing.swift; sourceTree = "<group>"; };
		042E5F5B2C459CA900E8D4B3 /* BalanceManager.swift */ = {isa = PBXFileReference; lastKnownFileType = sourcecode.swift; path = BalanceManager.swift; sourceTree = "<group>"; };
		042E5F5D2C4615C100E8D4B3 /* BalanceData+Coredata.swift */ = {isa = PBXFileReference; lastKnownFileType = sourcecode.swift; path = "BalanceData+Coredata.swift"; sourceTree = "<group>"; };
		042E5F602C46575500E8D4B3 /* TrransactionResponse.swift */ = {isa = PBXFileReference; lastKnownFileType = sourcecode.swift; path = TrransactionResponse.swift; sourceTree = "<group>"; };
		0444E40F2C3EF2A5009F7614 /* Utilities.swift */ = {isa = PBXFileReference; lastKnownFileType = sourcecode.swift; path = Utilities.swift; sourceTree = "<group>"; };
		0463DD932C1386F400B775B1 /* Mena App.app */ = {isa = PBXFileReference; explicitFileType = wrapper.application; includeInIndex = 0; path = "Mena App.app"; sourceTree = BUILT_PRODUCTS_DIR; };
		0463DD962C1386F400B775B1 /* AppDelegate.swift */ = {isa = PBXFileReference; lastKnownFileType = sourcecode.swift; path = AppDelegate.swift; sourceTree = "<group>"; };
		0463DD9D2C1386F400B775B1 /* Base */ = {isa = PBXFileReference; lastKnownFileType = file.storyboard; name = Base; path = Base.lproj/Main.storyboard; sourceTree = "<group>"; };
		0463DD9F2C1386F700B775B1 /* Assets.xcassets */ = {isa = PBXFileReference; lastKnownFileType = folder.assetcatalog; path = Assets.xcassets; sourceTree = "<group>"; };
		0463DDA22C1386F700B775B1 /* Base */ = {isa = PBXFileReference; lastKnownFileType = file.storyboard; name = Base; path = Base.lproj/LaunchScreen.storyboard; sourceTree = "<group>"; };
		0463DDA42C1386F700B775B1 /* Info.plist */ = {isa = PBXFileReference; lastKnownFileType = text.plist.xml; path = Info.plist; sourceTree = "<group>"; };
		0463DDA92C1386F700B775B1 /* Mena AppTests.xctest */ = {isa = PBXFileReference; explicitFileType = wrapper.cfbundle; includeInIndex = 0; path = "Mena AppTests.xctest"; sourceTree = BUILT_PRODUCTS_DIR; };
		0463DDAD2C1386F700B775B1 /* Mena_AppTests.swift */ = {isa = PBXFileReference; lastKnownFileType = sourcecode.swift; path = Mena_AppTests.swift; sourceTree = "<group>"; };
		0463DDB32C1386F700B775B1 /* Mena AppUITests.xctest */ = {isa = PBXFileReference; explicitFileType = wrapper.cfbundle; includeInIndex = 0; path = "Mena AppUITests.xctest"; sourceTree = BUILT_PRODUCTS_DIR; };
		0463DDB72C1386F700B775B1 /* Mena_AppUITests.swift */ = {isa = PBXFileReference; lastKnownFileType = sourcecode.swift; path = Mena_AppUITests.swift; sourceTree = "<group>"; };
		0463DDB92C1386F700B775B1 /* Mena_AppUITestsLaunchTests.swift */ = {isa = PBXFileReference; lastKnownFileType = sourcecode.swift; path = Mena_AppUITestsLaunchTests.swift; sourceTree = "<group>"; };
		0463DDDB2C14451500B775B1 /* Constants.swift */ = {isa = PBXFileReference; lastKnownFileType = sourcecode.swift; path = Constants.swift; sourceTree = "<group>"; };
		0463DDDD2C14452500B775B1 /* WebConstants.swift */ = {isa = PBXFileReference; lastKnownFileType = sourcecode.swift; path = WebConstants.swift; sourceTree = "<group>"; };
		0463DDE02C1446CA00B775B1 /* PreLogin.storyboard */ = {isa = PBXFileReference; lastKnownFileType = file.storyboard; path = PreLogin.storyboard; sourceTree = "<group>"; };
		04643A1B2C29E68E00097035 /* web3swift.framework */ = {isa = PBXFileReference; explicitFileType = wrapper.framework; path = web3swift.framework; sourceTree = BUILT_PRODUCTS_DIR; };
		04643A1E2C29E69600097035 /* Web3Core.framework */ = {isa = PBXFileReference; explicitFileType = wrapper.framework; path = Web3Core.framework; sourceTree = BUILT_PRODUCTS_DIR; };
		046E07FB2C39342200DDBD3A /* CountryCurrency.swift */ = {isa = PBXFileReference; lastKnownFileType = sourcecode.swift; path = CountryCurrency.swift; sourceTree = "<group>"; };
		046E07FD2C394DC400DDBD3A /* CountryManager.swift */ = {isa = PBXFileReference; lastKnownFileType = sourcecode.swift; path = CountryManager.swift; sourceTree = "<group>"; };
		046E07FF2C394E6700DDBD3A /* CountryData+CoreData.swift */ = {isa = PBXFileReference; lastKnownFileType = sourcecode.swift; path = "CountryData+CoreData.swift"; sourceTree = "<group>"; };
		046E08012C394F4A00DDBD3A /* CurrencyManager.swift */ = {isa = PBXFileReference; lastKnownFileType = sourcecode.swift; path = CurrencyManager.swift; sourceTree = "<group>"; };
		046E08032C394FDB00DDBD3A /* CurrencyData+CoreData.swift */ = {isa = PBXFileReference; lastKnownFileType = sourcecode.swift; path = "CurrencyData+CoreData.swift"; sourceTree = "<group>"; };
		046E08062C397E2600DDBD3A /* Refill.swift */ = {isa = PBXFileReference; lastKnownFileType = sourcecode.swift; path = Refill.swift; sourceTree = "<group>"; };
		046E08092C39AA9F00DDBD3A /* BankDetail.swift */ = {isa = PBXFileReference; lastKnownFileType = sourcecode.swift; path = BankDetail.swift; sourceTree = "<group>"; };
		046E080C2C39D46E00DDBD3A /* BankRefillREsponse.swift */ = {isa = PBXFileReference; lastKnownFileType = sourcecode.swift; path = BankRefillREsponse.swift; sourceTree = "<group>"; };
		046E080E2C39D6D400DDBD3A /* RefillManager.swift */ = {isa = PBXFileReference; lastKnownFileType = sourcecode.swift; path = RefillManager.swift; sourceTree = "<group>"; };
		046E08102C39D73500DDBD3A /* RefillData+CoreData.swift */ = {isa = PBXFileReference; lastKnownFileType = sourcecode.swift; path = "RefillData+CoreData.swift"; sourceTree = "<group>"; };
		046E08122C3A707A00DDBD3A /* MenaWalletManager.swift */ = {isa = PBXFileReference; lastKnownFileType = sourcecode.swift; path = MenaWalletManager.swift; sourceTree = "<group>"; };
		04834A812C1B71E500C19EA2 /* AllRefillViewController.swift */ = {isa = PBXFileReference; lastKnownFileType = sourcecode.swift; path = AllRefillViewController.swift; sourceTree = "<group>"; };
		04AD7CBB2C18005000BE3E16 /* ChangePasswordViewController.swift */ = {isa = PBXFileReference; lastKnownFileType = sourcecode.swift; path = ChangePasswordViewController.swift; sourceTree = "<group>"; };
		04AD7CBD2C18007B00BE3E16 /* ChangeBankingDetailViewController.swift */ = {isa = PBXFileReference; lastKnownFileType = sourcecode.swift; path = ChangeBankingDetailViewController.swift; sourceTree = "<group>"; };
		04AD7CBF2C1800A500BE3E16 /* PrivateKeyViewController.swift */ = {isa = PBXFileReference; lastKnownFileType = sourcecode.swift; path = PrivateKeyViewController.swift; sourceTree = "<group>"; };
		04AD7CC12C1800C800BE3E16 /* ImportWalletViewController.swift */ = {isa = PBXFileReference; lastKnownFileType = sourcecode.swift; path = ImportWalletViewController.swift; sourceTree = "<group>"; };
		04AD7CC32C1800F200BE3E16 /* ImportPrivateKeyViewController.swift */ = {isa = PBXFileReference; lastKnownFileType = sourcecode.swift; path = ImportPrivateKeyViewController.swift; sourceTree = "<group>"; };
		04AD7CC62C1804D600BE3E16 /* RefillViewController.swift */ = {isa = PBXFileReference; lastKnownFileType = sourcecode.swift; path = RefillViewController.swift; sourceTree = "<group>"; };
		04AD7CC92C18053C00BE3E16 /* SendCoinViewController.swift */ = {isa = PBXFileReference; lastKnownFileType = sourcecode.swift; path = SendCoinViewController.swift; sourceTree = "<group>"; };
		04AD7CCB2C18A90400BE3E16 /* CustomHeader.swift */ = {isa = PBXFileReference; lastKnownFileType = sourcecode.swift; path = CustomHeader.swift; sourceTree = "<group>"; };
		04AD7CCE2C19423100BE3E16 /* RecieveViewController.swift */ = {isa = PBXFileReference; lastKnownFileType = sourcecode.swift; path = RecieveViewController.swift; sourceTree = "<group>"; };
		04AD7CD12C1948BC00BE3E16 /* WaitingNFCViewController.swift */ = {isa = PBXFileReference; lastKnownFileType = sourcecode.swift; path = WaitingNFCViewController.swift; sourceTree = "<group>"; };
		04AD7CD42C19636A00BE3E16 /* ImportMnemonicViewController.swift */ = {isa = PBXFileReference; lastKnownFileType = sourcecode.swift; path = ImportMnemonicViewController.swift; sourceTree = "<group>"; };
		04AD7CD92C19682500BE3E16 /* ShowPrivateKeyViewController.swift */ = {isa = PBXFileReference; lastKnownFileType = sourcecode.swift; path = ShowPrivateKeyViewController.swift; sourceTree = "<group>"; };
		04BDCF232C157D5B0053EECE /* TabBarController.swift */ = {isa = PBXFileReference; lastKnownFileType = sourcecode.swift; path = TabBarController.swift; sourceTree = "<group>"; };
		04BDCF292C158F350053EECE /* HomeViewController.swift */ = {isa = PBXFileReference; lastKnownFileType = sourcecode.swift; path = HomeViewController.swift; sourceTree = "<group>"; };
		04BDCF2B2C158F5C0053EECE /* PaymentViewController.swift */ = {isa = PBXFileReference; lastKnownFileType = sourcecode.swift; path = PaymentViewController.swift; sourceTree = "<group>"; };
		04BDCF2D2C158F760053EECE /* SettingViewController.swift */ = {isa = PBXFileReference; lastKnownFileType = sourcecode.swift; path = SettingViewController.swift; sourceTree = "<group>"; };
		04BDCF2F2C158F970053EECE /* TransactionHistoryViewController.swift */ = {isa = PBXFileReference; lastKnownFileType = sourcecode.swift; path = TransactionHistoryViewController.swift; sourceTree = "<group>"; };
		04C54C162C144C8E00D3AFCE /* OnboardingContentViewController.swift */ = {isa = PBXFileReference; fileEncoding = 4; lastKnownFileType = sourcecode.swift; path = OnboardingContentViewController.swift; sourceTree = "<group>"; };
		04C54C172C144C8E00D3AFCE /* OnboardingViewController.swift */ = {isa = PBXFileReference; fileEncoding = 4; lastKnownFileType = sourcecode.swift; path = OnboardingViewController.swift; sourceTree = "<group>"; };
		04C54C192C144C8E00D3AFCE /* OnboardingPageViewController.swift */ = {isa = PBXFileReference; fileEncoding = 4; lastKnownFileType = sourcecode.swift; path = OnboardingPageViewController.swift; sourceTree = "<group>"; };
		04C54C1E2C1490E100D3AFCE /* Identifiers.swift */ = {isa = PBXFileReference; lastKnownFileType = sourcecode.swift; path = Identifiers.swift; sourceTree = "<group>"; };
		04C54C232C1496C600D3AFCE /* ViewController.swift */ = {isa = PBXFileReference; lastKnownFileType = sourcecode.swift; path = ViewController.swift; sourceTree = "<group>"; };
		04C54C252C14974D00D3AFCE /* Router.swift */ = {isa = PBXFileReference; lastKnownFileType = sourcecode.swift; path = Router.swift; sourceTree = "<group>"; };
		04C54C272C1497D600D3AFCE /* Protocol.swift */ = {isa = PBXFileReference; lastKnownFileType = sourcecode.swift; path = Protocol.swift; sourceTree = "<group>"; };
		04C54C2A2C14982300D3AFCE /* ApiList.swift */ = {isa = PBXFileReference; lastKnownFileType = sourcecode.swift; path = ApiList.swift; sourceTree = "<group>"; };
		04C54C2C2C14996200D3AFCE /* AppData.swift */ = {isa = PBXFileReference; lastKnownFileType = sourcecode.swift; path = AppData.swift; sourceTree = "<group>"; };
		04C54C2E2C14997800D3AFCE /* ErrorMessage.swift */ = {isa = PBXFileReference; lastKnownFileType = sourcecode.swift; path = ErrorMessage.swift; sourceTree = "<group>"; };
		04C54C312C1499BF00D3AFCE /* Error.swift */ = {isa = PBXFileReference; lastKnownFileType = sourcecode.swift; path = Error.swift; sourceTree = "<group>"; };
		04C54C342C149A1A00D3AFCE /* Common.swift */ = {isa = PBXFileReference; lastKnownFileType = sourcecode.swift; path = Common.swift; sourceTree = "<group>"; };
		04C54C362C149B7400D3AFCE /* FontHelper.swift */ = {isa = PBXFileReference; lastKnownFileType = sourcecode.swift; path = FontHelper.swift; sourceTree = "<group>"; };
		04C54C382C149E4000D3AFCE /* Poppins_Bold.otf */ = {isa = PBXFileReference; lastKnownFileType = file; path = Poppins_Bold.otf; sourceTree = "<group>"; };
		04C54C392C149E4100D3AFCE /* Poppins_Medium.otf */ = {isa = PBXFileReference; lastKnownFileType = file; path = Poppins_Medium.otf; sourceTree = "<group>"; };
		04C54C3A2C149E4100D3AFCE /* Poppins_SemiBold.otf */ = {isa = PBXFileReference; lastKnownFileType = file; path = Poppins_SemiBold.otf; sourceTree = "<group>"; };
		04C54C3B2C149E4100D3AFCE /* Poppins_Regular.otf */ = {isa = PBXFileReference; lastKnownFileType = file; path = Poppins_Regular.otf; sourceTree = "<group>"; };
		04C54C412C14A15100D3AFCE /* String.swift */ = {isa = PBXFileReference; lastKnownFileType = sourcecode.swift; path = String.swift; sourceTree = "<group>"; };
		04C54C432C14A19000D3AFCE /* Globle.swift */ = {isa = PBXFileReference; lastKnownFileType = sourcecode.swift; path = Globle.swift; sourceTree = "<group>"; };
		04C54C452C14ADD800D3AFCE /* Presenter.swift */ = {isa = PBXFileReference; lastKnownFileType = sourcecode.swift; path = Presenter.swift; sourceTree = "<group>"; };
		04C54C472C14AE1200D3AFCE /* PresenterProcessor.swift */ = {isa = PBXFileReference; lastKnownFileType = sourcecode.swift; path = PresenterProcessor.swift; sourceTree = "<group>"; };
		04C54C492C14AE4C00D3AFCE /* Interactor.swift */ = {isa = PBXFileReference; lastKnownFileType = sourcecode.swift; path = Interactor.swift; sourceTree = "<group>"; };
		04C54C4B2C14AEF600D3AFCE /* WebService.swift */ = {isa = PBXFileReference; lastKnownFileType = sourcecode.swift; path = WebService.swift; sourceTree = "<group>"; };
		04C54C4E2C14BD1000D3AFCE /* PasswordViewController.swift */ = {isa = PBXFileReference; lastKnownFileType = sourcecode.swift; path = PasswordViewController.swift; sourceTree = "<group>"; };
		04C54C512C14E08D00D3AFCE /* CreateWalletViewController.swift */ = {isa = PBXFileReference; lastKnownFileType = sourcecode.swift; path = CreateWalletViewController.swift; sourceTree = "<group>"; };
		04CC410C2C405F70007865AF /* SendCoinRequest.swift */ = {isa = PBXFileReference; lastKnownFileType = sourcecode.swift; path = SendCoinRequest.swift; sourceTree = "<group>"; };
		04E6DD562C3306420084834E /* UIView.swift */ = {isa = PBXFileReference; lastKnownFileType = sourcecode.swift; path = UIView.swift; sourceTree = "<group>"; };
		04E6DD662C3470A40084834E /* History.swift */ = {isa = PBXFileReference; lastKnownFileType = sourcecode.swift; path = History.swift; sourceTree = "<group>"; };
		04E6DD692C34846C0084834E /* Formatter.swift */ = {isa = PBXFileReference; lastKnownFileType = sourcecode.swift; path = Formatter.swift; sourceTree = "<group>"; };
		04E6DD6D2C34F1C00084834E /* CoreData.xcdatamodel */ = {isa = PBXFileReference; lastKnownFileType = wrapper.xcdatamodel; path = CoreData.xcdatamodel; sourceTree = "<group>"; };
		04E6DD6F2C34F53C0084834E /* TransactionManager.swift */ = {isa = PBXFileReference; lastKnownFileType = sourcecode.swift; path = TransactionManager.swift; sourceTree = "<group>"; };
		04E6DD712C34F9310084834E /* HistoryData+CoreData.swift */ = {isa = PBXFileReference; lastKnownFileType = sourcecode.swift; path = "HistoryData+CoreData.swift"; sourceTree = "<group>"; };
		04E6DD802C35CE0F0084834E /* Contracts.swift */ = {isa = PBXFileReference; lastKnownFileType = sourcecode.swift; path = Contracts.swift; sourceTree = "<group>"; };
		04E6DD822C35DA490084834E /* ContractManager.swift */ = {isa = PBXFileReference; lastKnownFileType = sourcecode.swift; path = ContractManager.swift; sourceTree = "<group>"; };
		04E6DD842C35DD430084834E /* ContractData+CoreData.swift */ = {isa = PBXFileReference; lastKnownFileType = sourcecode.swift; path = "ContractData+CoreData.swift"; sourceTree = "<group>"; };
		04E6DD972C391B310084834E /* iOSDropDown.swift */ = {isa = PBXFileReference; fileEncoding = 4; lastKnownFileType = sourcecode.swift; path = iOSDropDown.swift; sourceTree = "<group>"; };
		04F36B212C21E09400E6B0A7 /* ReadMe.swift */ = {isa = PBXFileReference; lastKnownFileType = sourcecode.swift; path = ReadMe.swift; sourceTree = "<group>"; };
		04F36B242C2298F600E6B0A7 /* WalletManager.swift */ = {isa = PBXFileReference; lastKnownFileType = sourcecode.swift; name = WalletManager.swift; path = "Mena App/Web3/WalletManager.swift"; sourceTree = SOURCE_ROOT; };
		2A2FC48B97C61CA2731288A7 /* Pods_Mena_App_Mena_AppUITests.framework */ = {isa = PBXFileReference; explicitFileType = wrapper.framework; includeInIndex = 0; path = Pods_Mena_App_Mena_AppUITests.framework; sourceTree = BUILT_PRODUCTS_DIR; };
		57C1934E2EBE098ECDE65BA1 /* Pods-Mena App.release.xcconfig */ = {isa = PBXFileReference; includeInIndex = 1; lastKnownFileType = text.xcconfig; name = "Pods-Mena App.release.xcconfig"; path = "Target Support Files/Pods-Mena App/Pods-Mena App.release.xcconfig"; sourceTree = "<group>"; };
		7603F42A0DA5F300225B01B1 /* Pods-Mena App.debug.xcconfig */ = {isa = PBXFileReference; includeInIndex = 1; lastKnownFileType = text.xcconfig; name = "Pods-Mena App.debug.xcconfig"; path = "Target Support Files/Pods-Mena App/Pods-Mena App.debug.xcconfig"; sourceTree = "<group>"; };
		7611C2EC8FCA1FA9B932A047 /* Pods-Mena App-Mena AppUITests.debug.xcconfig */ = {isa = PBXFileReference; includeInIndex = 1; lastKnownFileType = text.xcconfig; name = "Pods-Mena App-Mena AppUITests.debug.xcconfig"; path = "Target Support Files/Pods-Mena App-Mena AppUITests/Pods-Mena App-Mena AppUITests.debug.xcconfig"; sourceTree = "<group>"; };
		85670122D11D29923A700363 /* Pods-Mena AppTests.release.xcconfig */ = {isa = PBXFileReference; includeInIndex = 1; lastKnownFileType = text.xcconfig; name = "Pods-Mena AppTests.release.xcconfig"; path = "Target Support Files/Pods-Mena AppTests/Pods-Mena AppTests.release.xcconfig"; sourceTree = "<group>"; };
		9ED458836DFCA01327D434F3 /* Pods_Mena_App.framework */ = {isa = PBXFileReference; explicitFileType = wrapper.framework; includeInIndex = 0; path = Pods_Mena_App.framework; sourceTree = BUILT_PRODUCTS_DIR; };
		A061F7859AE5E86F74E25865 /* Pods_Mena_AppTests.framework */ = {isa = PBXFileReference; explicitFileType = wrapper.framework; includeInIndex = 0; path = Pods_Mena_AppTests.framework; sourceTree = BUILT_PRODUCTS_DIR; };
		CE758EEBE9B8B3FE499807AA /* Pods-Mena App-Mena AppUITests.release.xcconfig */ = {isa = PBXFileReference; includeInIndex = 1; lastKnownFileType = text.xcconfig; name = "Pods-Mena App-Mena AppUITests.release.xcconfig"; path = "Target Support Files/Pods-Mena App-Mena AppUITests/Pods-Mena App-Mena AppUITests.release.xcconfig"; sourceTree = "<group>"; };
		F9E569A44EC72F3B01404D9A /* Pods-Mena AppTests.debug.xcconfig */ = {isa = PBXFileReference; includeInIndex = 1; lastKnownFileType = text.xcconfig; name = "Pods-Mena AppTests.debug.xcconfig"; path = "Target Support Files/Pods-Mena AppTests/Pods-Mena AppTests.debug.xcconfig"; sourceTree = "<group>"; };
/* End PBXFileReference section */

/* Begin PBXFrameworksBuildPhase section */
		0463DD902C1386F400B775B1 /* Frameworks */ = {
			isa = PBXFrameworksBuildPhase;
			buildActionMask = 2147483647;
			files = (
				04E6DD7B2C35AF4F0084834E /* Alamofire in Frameworks */,
				0428FEF42C2652A500B57812 /* Pods_Mena_App.framework in Frameworks */,
				0428FF022C29AD3E00B57812 /* SwiftKeychainWrapper in Frameworks */,
				0444E40B2C3ED5C0009F7614 /* BigDecimal in Frameworks */,
			);
			runOnlyForDeploymentPostprocessing = 0;
		};
		0463DDA62C1386F700B775B1 /* Frameworks */ = {
			isa = PBXFrameworksBuildPhase;
			buildActionMask = 2147483647;
			files = (
				B6A021D000625E6BA511C269 /* Pods_Mena_AppTests.framework in Frameworks */,
			);
			runOnlyForDeploymentPostprocessing = 0;
		};
		0463DDB02C1386F700B775B1 /* Frameworks */ = {
			isa = PBXFrameworksBuildPhase;
			buildActionMask = 2147483647;
			files = (
				815C7D257B32E0CC542AEC12 /* Pods_Mena_App_Mena_AppUITests.framework in Frameworks */,
			);
			runOnlyForDeploymentPostprocessing = 0;
		};
/* End PBXFrameworksBuildPhase section */

/* Begin PBXGroup section */
		041966C12C48BA93002AFF78 /* AESCrypt */ = {
			isa = PBXGroup;
			children = (
				041966C22C48BAAB002AFF78 /* AESCrypt.swift */,
			);
			path = AESCrypt;
			sourceTree = "<group>";
		};
		042111C22C43D57D002621F7 /* ScanResult */ = {
			isa = PBXGroup;
			children = (
				042111C32C43D597002621F7 /* ScanResult.swift */,
			);
			path = ScanResult;
			sourceTree = "<group>";
		};
		042111C52C43D70F002621F7 /* BalanceEntity */ = {
			isa = PBXGroup;
			children = (
				042111C62C43D724002621F7 /* BalanceEntity.swift */,
			);
			path = BalanceEntity;
			sourceTree = "<group>";
		};
		0428FF052C29B64100B57812 /* SignUp */ = {
			isa = PBXGroup;
			children = (
				0428FF062C29B65500B57812 /* SignUpRequest.swift */,
			);
			path = SignUp;
			sourceTree = "<group>";
		};
		0428FF082C29C10300B57812 /* RequestSerializer */ = {
			isa = PBXGroup;
			children = (
				0428FF092C29C12200B57812 /* JsonSerializing.swift */,
			);
			path = RequestSerializer;
			sourceTree = "<group>";
		};
		042E5F5F2C46570500E8D4B3 /* TransactionSendResponse */ = {
			isa = PBXGroup;
			children = (
				042E5F602C46575500E8D4B3 /* TrransactionResponse.swift */,
			);
			path = TransactionSendResponse;
			sourceTree = "<group>";
		};
		0463DD8A2C1386F400B775B1 = {
			isa = PBXGroup;
			children = (
				04C54C382C149E4000D3AFCE /* Poppins_Bold.otf */,
				04C54C392C149E4100D3AFCE /* Poppins_Medium.otf */,
				04C54C3B2C149E4100D3AFCE /* Poppins_Regular.otf */,
				04C54C3A2C149E4100D3AFCE /* Poppins_SemiBold.otf */,
				0463DD952C1386F400B775B1 /* Mena App */,
				0463DDAC2C1386F700B775B1 /* Mena AppTests */,
				0463DDB62C1386F700B775B1 /* Mena AppUITests */,
				0463DD942C1386F400B775B1 /* Products */,
				C53748E40687E27E47392DFA /* Pods */,
				AF2E6753200DFBE5A9C22A74 /* Frameworks */,
			);
			sourceTree = "<group>";
		};
		0463DD942C1386F400B775B1 /* Products */ = {
			isa = PBXGroup;
			children = (
				0463DD932C1386F400B775B1 /* Mena App.app */,
				0463DDA92C1386F700B775B1 /* Mena AppTests.xctest */,
				0463DDB32C1386F700B775B1 /* Mena AppUITests.xctest */,
			);
			name = Products;
			sourceTree = "<group>";
		};
		0463DD952C1386F400B775B1 /* Mena App */ = {
			isa = PBXGroup;
			children = (
				041966C12C48BA93002AFF78 /* AESCrypt */,
				04F36B232C21E1EB00E6B0A7 /* Web3 */,
				0463DDC62C13875500B775B1 /* Protocols */,
				0463DDC72C13876000B775B1 /* Common */,
				0463DDC82C13876800B775B1 /* VIPER */,
			);
			path = "Mena App";
			sourceTree = "<group>";
		};
		0463DDAC2C1386F700B775B1 /* Mena AppTests */ = {
			isa = PBXGroup;
			children = (
				0463DDAD2C1386F700B775B1 /* Mena_AppTests.swift */,
			);
			path = "Mena AppTests";
			sourceTree = "<group>";
		};
		0463DDB62C1386F700B775B1 /* Mena AppUITests */ = {
			isa = PBXGroup;
			children = (
				0463DDB72C1386F700B775B1 /* Mena_AppUITests.swift */,
				0463DDB92C1386F700B775B1 /* Mena_AppUITestsLaunchTests.swift */,
			);
			path = "Mena AppUITests";
			sourceTree = "<group>";
		};
		0463DDC62C13875500B775B1 /* Protocols */ = {
			isa = PBXGroup;
			children = (
				04C54C272C1497D600D3AFCE /* Protocol.swift */,
			);
			path = Protocols;
			sourceTree = "<group>";
		};
		0463DDC72C13876000B775B1 /* Common */ = {
			isa = PBXGroup;
			children = (
				04E6DD6B2C34F1950084834E /* CoreData */,
				04E6DD682C3484320084834E /* Formatter */,
				0463DDDF2C14459500B775B1 /* AppDelegate */,
				0463DDCF2C1387F400B775B1 /* Global */,
				0463DDCE2C1387DF00B775B1 /* PList file */,
				0463DDCD2C1387D600B775B1 /* Constants */,
				0463DDCC2C1387B700B775B1 /* Base Url */,
				0463DDCB2C1387A000B775B1 /* Fonts */,
				0463DDCA2C13879A00B775B1 /* Media */,
				0463DDC92C13879000B775B1 /* Animation */,
				04F36B212C21E09400E6B0A7 /* ReadMe.swift */,
			);
			path = Common;
			sourceTree = "<group>";
		};
		0463DDC82C13876800B775B1 /* VIPER */ = {
			isa = PBXGroup;
			children = (
				0463DDD52C1388C600B775B1 /* Data manager */,
				0463DDD42C1388B500B775B1 /* Router */,
				0463DDD32C1388AA00B775B1 /* Entities */,
				0463DDD22C13889A00B775B1 /* Presenter */,
				0463DDD12C13888F00B775B1 /* Interactor */,
				0463DDD02C13888500B775B1 /* View */,
			);
			path = VIPER;
			sourceTree = "<group>";
		};
		0463DDC92C13879000B775B1 /* Animation */ = {
			isa = PBXGroup;
			children = (
			);
			path = Animation;
			sourceTree = "<group>";
		};
		0463DDCA2C13879A00B775B1 /* Media */ = {
			isa = PBXGroup;
			children = (
				0463DD9F2C1386F700B775B1 /* Assets.xcassets */,
			);
			path = Media;
			sourceTree = "<group>";
		};
		0463DDCB2C1387A000B775B1 /* Fonts */ = {
			isa = PBXGroup;
			children = (
				04C54C362C149B7400D3AFCE /* FontHelper.swift */,
			);
			path = Fonts;
			sourceTree = "<group>";
		};
		0463DDCC2C1387B700B775B1 /* Base Url */ = {
			isa = PBXGroup;
			children = (
				04C54C292C14981400D3AFCE /* Api */,
			);
			path = "Base Url";
			sourceTree = "<group>";
		};
		0463DDCD2C1387D600B775B1 /* Constants */ = {
			isa = PBXGroup;
			children = (
				0463DDDB2C14451500B775B1 /* Constants.swift */,
				0463DDDD2C14452500B775B1 /* WebConstants.swift */,
				04C54C1E2C1490E100D3AFCE /* Identifiers.swift */,
				04C54C2C2C14996200D3AFCE /* AppData.swift */,
				04C54C2E2C14997800D3AFCE /* ErrorMessage.swift */,
			);
			path = Constants;
			sourceTree = "<group>";
		};
		0463DDCE2C1387DF00B775B1 /* PList file */ = {
			isa = PBXGroup;
			children = (
				0463DDA42C1386F700B775B1 /* Info.plist */,
			);
			path = "PList file";
			sourceTree = "<group>";
		};
		0463DDCF2C1387F400B775B1 /* Global */ = {
			isa = PBXGroup;
			children = (
				0428FF082C29C10300B57812 /* RequestSerializer */,
				04C54C332C149A0900D3AFCE /* Common */,
			);
			path = Global;
			sourceTree = "<group>";
		};
		0463DDD02C13888500B775B1 /* View */ = {
			isa = PBXGroup;
			children = (
				0463DDD62C1389AA00B775B1 /* XIB */,
				0463DDD82C1389BA00B775B1 /* Custom Classes */,
				0463DDD72C1389B100B775B1 /* Controller */,
			);
			path = View;
			sourceTree = "<group>";
		};
		0463DDD12C13888F00B775B1 /* Interactor */ = {
			isa = PBXGroup;
			children = (
				04C54C492C14AE4C00D3AFCE /* Interactor.swift */,
			);
			path = Interactor;
			sourceTree = "<group>";
		};
		0463DDD22C13889A00B775B1 /* Presenter */ = {
			isa = PBXGroup;
			children = (
				04C54C452C14ADD800D3AFCE /* Presenter.swift */,
				04C54C472C14AE1200D3AFCE /* PresenterProcessor.swift */,
			);
			path = Presenter;
			sourceTree = "<group>";
		};
		0463DDD32C1388AA00B775B1 /* Entities */ = {
			isa = PBXGroup;
			children = (
				042E5F5F2C46570500E8D4B3 /* TransactionSendResponse */,
				042111C52C43D70F002621F7 /* BalanceEntity */,
				042111C22C43D57D002621F7 /* ScanResult */,
				04CC410B2C405F50007865AF /* SendCoin */,
				046E080B2C39D44A00DDBD3A /* BankRefillResponse */,
				046E08082C39AA8B00DDBD3A /* BankDetail */,
				046E08052C397E1400DDBD3A /* Refill */,
				046E07FA2C3933FC00DDBD3A /* CountryCurrency */,
				04E6DD7F2C35CDE80084834E /* Contracts */,
				04E6DD652C34708C0084834E /* History */,
				0428FF052C29B64100B57812 /* SignUp */,
				0428FF032C29B18500B57812 /* ErrorLogger.swift */,
			);
			path = Entities;
			sourceTree = "<group>";
		};
		0463DDD42C1388B500B775B1 /* Router */ = {
			isa = PBXGroup;
			children = (
				04C54C252C14974D00D3AFCE /* Router.swift */,
			);
			path = Router;
			sourceTree = "<group>";
		};
		0463DDD52C1388C600B775B1 /* Data manager */ = {
			isa = PBXGroup;
			children = (
				04C54C4B2C14AEF600D3AFCE /* WebService.swift */,
			);
			path = "Data manager";
			sourceTree = "<group>";
		};
		0463DDD62C1389AA00B775B1 /* XIB */ = {
			isa = PBXGroup;
			children = (
				04066CF42C16243E0089DAF8 /* TransactionCell.swift */,
				04066CF52C16243E0089DAF8 /* TransactionCell.xib */,
			);
			path = XIB;
			sourceTree = "<group>";
		};
		0463DDD72C1389B100B775B1 /* Controller */ = {
			isa = PBXGroup;
			children = (
				0463DDD92C138A6A00B775B1 /* ViewControllers */,
				0463DDDA2C138A7900B775B1 /* Storyboard */,
			);
			path = Controller;
			sourceTree = "<group>";
		};
		0463DDD82C1389BA00B775B1 /* Custom Classes */ = {
			isa = PBXGroup;
			children = (
				04C54C212C14969D00D3AFCE /* IBDesignable */,
				04C54C202C14969500D3AFCE /* Extensions */,
			);
			path = "Custom Classes";
			sourceTree = "<group>";
		};
		0463DDD92C138A6A00B775B1 /* ViewControllers */ = {
			isa = PBXGroup;
			children = (
				04C54C142C144C1800D3AFCE /* Main */,
				04C54C132C144C0E00D3AFCE /* PreLogin */,
			);
			path = ViewControllers;
			sourceTree = "<group>";
		};
		0463DDDA2C138A7900B775B1 /* Storyboard */ = {
			isa = PBXGroup;
			children = (
				0463DDA12C1386F700B775B1 /* LaunchScreen.storyboard */,
				0463DD9C2C1386F400B775B1 /* Main.storyboard */,
				0463DDE02C1446CA00B775B1 /* PreLogin.storyboard */,
			);
			path = Storyboard;
			sourceTree = "<group>";
		};
		0463DDDF2C14459500B775B1 /* AppDelegate */ = {
			isa = PBXGroup;
			children = (
				0463DD962C1386F400B775B1 /* AppDelegate.swift */,
			);
			path = AppDelegate;
			sourceTree = "<group>";
		};
		046E07FA2C3933FC00DDBD3A /* CountryCurrency */ = {
			isa = PBXGroup;
			children = (
				046E07FB2C39342200DDBD3A /* CountryCurrency.swift */,
			);
			path = CountryCurrency;
			sourceTree = "<group>";
		};
		046E08052C397E1400DDBD3A /* Refill */ = {
			isa = PBXGroup;
			children = (
				046E08062C397E2600DDBD3A /* Refill.swift */,
			);
			path = Refill;
			sourceTree = "<group>";
		};
		046E08082C39AA8B00DDBD3A /* BankDetail */ = {
			isa = PBXGroup;
			children = (
				046E08092C39AA9F00DDBD3A /* BankDetail.swift */,
			);
			path = BankDetail;
			sourceTree = "<group>";
		};
		046E080B2C39D44A00DDBD3A /* BankRefillResponse */ = {
			isa = PBXGroup;
			children = (
				046E080C2C39D46E00DDBD3A /* BankRefillREsponse.swift */,
			);
			path = BankRefillResponse;
			sourceTree = "<group>";
		};
		04834A802C1B71CA00C19EA2 /* AllRefill */ = {
			isa = PBXGroup;
			children = (
				04834A812C1B71E500C19EA2 /* AllRefillViewController.swift */,
			);
			path = AllRefill;
			sourceTree = "<group>";
		};
		04AD7CB62C17FF7100BE3E16 /* ChangePassword */ = {
			isa = PBXGroup;
			children = (
				04AD7CBB2C18005000BE3E16 /* ChangePasswordViewController.swift */,
			);
			path = ChangePassword;
			sourceTree = "<group>";
		};
		04AD7CB72C17FF8700BE3E16 /* ChangeBankingDetails */ = {
			isa = PBXGroup;
			children = (
				04AD7CBD2C18007B00BE3E16 /* ChangeBankingDetailViewController.swift */,
			);
			path = ChangeBankingDetails;
			sourceTree = "<group>";
		};
		04AD7CB82C17FF9300BE3E16 /* ViewPrivateKey */ = {
			isa = PBXGroup;
			children = (
				04AD7CBF2C1800A500BE3E16 /* PrivateKeyViewController.swift */,
			);
			path = ViewPrivateKey;
			sourceTree = "<group>";
		};
		04AD7CB92C17FFE200BE3E16 /* ImportWallet */ = {
			isa = PBXGroup;
			children = (
				04AD7CC12C1800C800BE3E16 /* ImportWalletViewController.swift */,
			);
			path = ImportWallet;
			sourceTree = "<group>";
		};
		04AD7CBA2C18001200BE3E16 /* ImportUsingPrivateKey */ = {
			isa = PBXGroup;
			children = (
				04AD7CC32C1800F200BE3E16 /* ImportPrivateKeyViewController.swift */,
			);
			path = ImportUsingPrivateKey;
			sourceTree = "<group>";
		};
		04AD7CC52C1804C600BE3E16 /* Refill */ = {
			isa = PBXGroup;
			children = (
				04AD7CC62C1804D600BE3E16 /* RefillViewController.swift */,
			);
			path = Refill;
			sourceTree = "<group>";
		};
		04AD7CC82C18052D00BE3E16 /* SendCoin */ = {
			isa = PBXGroup;
			children = (
				04AD7CC92C18053C00BE3E16 /* SendCoinViewController.swift */,
			);
			path = SendCoin;
			sourceTree = "<group>";
		};
		04AD7CCD2C19421B00BE3E16 /* Recieve */ = {
			isa = PBXGroup;
			children = (
				04AD7CCE2C19423100BE3E16 /* RecieveViewController.swift */,
			);
			path = Recieve;
			sourceTree = "<group>";
		};
		04AD7CD02C1948AC00BE3E16 /* NFC */ = {
			isa = PBXGroup;
			children = (
				04AD7CD12C1948BC00BE3E16 /* WaitingNFCViewController.swift */,
			);
			path = NFC;
			sourceTree = "<group>";
		};
		04AD7CD32C19634700BE3E16 /* ImportMenomic */ = {
			isa = PBXGroup;
			children = (
				04AD7CD42C19636A00BE3E16 /* ImportMnemonicViewController.swift */,
			);
			path = ImportMenomic;
			sourceTree = "<group>";
		};
		04AD7CD62C1967BD00BE3E16 /* PrivateKey */ = {
			isa = PBXGroup;
			children = (
				04AD7CD92C19682500BE3E16 /* ShowPrivateKeyViewController.swift */,
			);
			path = PrivateKey;
			sourceTree = "<group>";
		};
		04BDCF222C157D320053EECE /* TabBar */ = {
			isa = PBXGroup;
			children = (
				04BDCF232C157D5B0053EECE /* TabBarController.swift */,
			);
			path = TabBar;
			sourceTree = "<group>";
		};
		04BDCF252C158EB70053EECE /* Home */ = {
			isa = PBXGroup;
			children = (
				04BDCF292C158F350053EECE /* HomeViewController.swift */,
			);
			path = Home;
			sourceTree = "<group>";
		};
		04BDCF262C158EBE0053EECE /* Payment */ = {
			isa = PBXGroup;
			children = (
				04BDCF2B2C158F5C0053EECE /* PaymentViewController.swift */,
			);
			path = Payment;
			sourceTree = "<group>";
		};
		04BDCF272C158EC60053EECE /* Setting */ = {
			isa = PBXGroup;
			children = (
				04BDCF2D2C158F760053EECE /* SettingViewController.swift */,
			);
			path = Setting;
			sourceTree = "<group>";
		};
		04BDCF282C158EE00053EECE /* History */ = {
			isa = PBXGroup;
			children = (
				04BDCF2F2C158F970053EECE /* TransactionHistoryViewController.swift */,
			);
			path = History;
			sourceTree = "<group>";
		};
		04C54C132C144C0E00D3AFCE /* PreLogin */ = {
			isa = PBXGroup;
			children = (
				04C54C502C14E07200D3AFCE /* CreateWallet */,
				04C54C4D2C14BCFA00D3AFCE /* Password */,
				04C54C152C144C2600D3AFCE /* OnBoarding */,
			);
			path = PreLogin;
			sourceTree = "<group>";
		};
		04C54C142C144C1800D3AFCE /* Main */ = {
			isa = PBXGroup;
			children = (
				04834A802C1B71CA00C19EA2 /* AllRefill */,
				04AD7CD62C1967BD00BE3E16 /* PrivateKey */,
				04AD7CD32C19634700BE3E16 /* ImportMenomic */,
				04AD7CD02C1948AC00BE3E16 /* NFC */,
				04AD7CCD2C19421B00BE3E16 /* Recieve */,
				04AD7CC82C18052D00BE3E16 /* SendCoin */,
				04AD7CC52C1804C600BE3E16 /* Refill */,
				04AD7CBA2C18001200BE3E16 /* ImportUsingPrivateKey */,
				04AD7CB92C17FFE200BE3E16 /* ImportWallet */,
				04AD7CB82C17FF9300BE3E16 /* ViewPrivateKey */,
				04AD7CB72C17FF8700BE3E16 /* ChangeBankingDetails */,
				04AD7CB62C17FF7100BE3E16 /* ChangePassword */,
				04BDCF282C158EE00053EECE /* History */,
				04BDCF272C158EC60053EECE /* Setting */,
				04BDCF262C158EBE0053EECE /* Payment */,
				04BDCF252C158EB70053EECE /* Home */,
				04BDCF222C157D320053EECE /* TabBar */,
			);
			path = Main;
			sourceTree = "<group>";
		};
		04C54C152C144C2600D3AFCE /* OnBoarding */ = {
			isa = PBXGroup;
			children = (
				04C54C162C144C8E00D3AFCE /* OnboardingContentViewController.swift */,
				04C54C192C144C8E00D3AFCE /* OnboardingPageViewController.swift */,
				04C54C172C144C8E00D3AFCE /* OnboardingViewController.swift */,
			);
			path = OnBoarding;
			sourceTree = "<group>";
		};
		04C54C202C14969500D3AFCE /* Extensions */ = {
			isa = PBXGroup;
			children = (
				04E6DD552C33062B0084834E /* View */,
				04C54C402C14A14300D3AFCE /* String */,
				04C54C302C1499B300D3AFCE /* Error */,
				04C54C222C1496B300D3AFCE /* ViewController */,
			);
			path = Extensions;
			sourceTree = "<group>";
		};
		04C54C212C14969D00D3AFCE /* IBDesignable */ = {
			isa = PBXGroup;
			children = (
				04E6DD972C391B310084834E /* iOSDropDown.swift */,
				04AD7CCB2C18A90400BE3E16 /* CustomHeader.swift */,
			);
			path = IBDesignable;
			sourceTree = "<group>";
		};
		04C54C222C1496B300D3AFCE /* ViewController */ = {
			isa = PBXGroup;
			children = (
				04C54C232C1496C600D3AFCE /* ViewController.swift */,
			);
			path = ViewController;
			sourceTree = "<group>";
		};
		04C54C292C14981400D3AFCE /* Api */ = {
			isa = PBXGroup;
			children = (
				04C54C2A2C14982300D3AFCE /* ApiList.swift */,
			);
			path = Api;
			sourceTree = "<group>";
		};
		04C54C302C1499B300D3AFCE /* Error */ = {
			isa = PBXGroup;
			children = (
				04C54C312C1499BF00D3AFCE /* Error.swift */,
			);
			path = Error;
			sourceTree = "<group>";
		};
		04C54C332C149A0900D3AFCE /* Common */ = {
			isa = PBXGroup;
			children = (
				04C54C342C149A1A00D3AFCE /* Common.swift */,
				04C54C432C14A19000D3AFCE /* Globle.swift */,
			);
			path = Common;
			sourceTree = "<group>";
		};
		04C54C402C14A14300D3AFCE /* String */ = {
			isa = PBXGroup;
			children = (
				04C54C412C14A15100D3AFCE /* String.swift */,
			);
			path = String;
			sourceTree = "<group>";
		};
		04C54C4D2C14BCFA00D3AFCE /* Password */ = {
			isa = PBXGroup;
			children = (
				04C54C4E2C14BD1000D3AFCE /* PasswordViewController.swift */,
			);
			path = Password;
			sourceTree = "<group>";
		};
		04C54C502C14E07200D3AFCE /* CreateWallet */ = {
			isa = PBXGroup;
			children = (
				04C54C512C14E08D00D3AFCE /* CreateWalletViewController.swift */,
			);
			path = CreateWallet;
			sourceTree = "<group>";
		};
		04CC410B2C405F50007865AF /* SendCoin */ = {
			isa = PBXGroup;
			children = (
				04CC410C2C405F70007865AF /* SendCoinRequest.swift */,
			);
			path = SendCoin;
			sourceTree = "<group>";
		};
		04E6DD552C33062B0084834E /* View */ = {
			isa = PBXGroup;
			children = (
				04E6DD562C3306420084834E /* UIView.swift */,
			);
			path = View;
			sourceTree = "<group>";
		};
		04E6DD652C34708C0084834E /* History */ = {
			isa = PBXGroup;
			children = (
				04E6DD662C3470A40084834E /* History.swift */,
			);
			path = History;
			sourceTree = "<group>";
		};
		04E6DD682C3484320084834E /* Formatter */ = {
			isa = PBXGroup;
			children = (
				04E6DD692C34846C0084834E /* Formatter.swift */,
			);
			path = Formatter;
			sourceTree = "<group>";
		};
		04E6DD6B2C34F1950084834E /* CoreData */ = {
			isa = PBXGroup;
			children = (
				04E6DD6C2C34F1C00084834E /* CoreData.xcdatamodeld */,
				04E6DD6F2C34F53C0084834E /* TransactionManager.swift */,
				04E6DD712C34F9310084834E /* HistoryData+CoreData.swift */,
				04E6DD822C35DA490084834E /* ContractManager.swift */,
				04E6DD842C35DD430084834E /* ContractData+CoreData.swift */,
				046E07FD2C394DC400DDBD3A /* CountryManager.swift */,
				046E07FF2C394E6700DDBD3A /* CountryData+CoreData.swift */,
				046E08012C394F4A00DDBD3A /* CurrencyManager.swift */,
				046E08032C394FDB00DDBD3A /* CurrencyData+CoreData.swift */,
				046E080E2C39D6D400DDBD3A /* RefillManager.swift */,
				046E08102C39D73500DDBD3A /* RefillData+CoreData.swift */,
				046E08122C3A707A00DDBD3A /* MenaWalletManager.swift */,
				042E5F5B2C459CA900E8D4B3 /* BalanceManager.swift */,
				042E5F5D2C4615C100E8D4B3 /* BalanceData+Coredata.swift */,
			);
			path = CoreData;
			sourceTree = "<group>";
		};
		04E6DD7F2C35CDE80084834E /* Contracts */ = {
			isa = PBXGroup;
			children = (
				04E6DD802C35CE0F0084834E /* Contracts.swift */,
			);
			path = Contracts;
			sourceTree = "<group>";
		};
		04F36B232C21E1EB00E6B0A7 /* Web3 */ = {
			isa = PBXGroup;
			children = (
				04F36B242C2298F600E6B0A7 /* WalletManager.swift */,
				0428FEF72C29A53100B57812 /* SignatureHelper.swift */,
				0428FEF92C29A72900B57812 /* MessageHelper.swift */,
				0444E40F2C3EF2A5009F7614 /* Utilities.swift */,
			);
			path = Web3;
			sourceTree = "<group>";
		};
		AF2E6753200DFBE5A9C22A74 /* Frameworks */ = {
			isa = PBXGroup;
			children = (
				04643A1E2C29E69600097035 /* Web3Core.framework */,
				04643A1B2C29E68E00097035 /* web3swift.framework */,
				9ED458836DFCA01327D434F3 /* Pods_Mena_App.framework */,
				2A2FC48B97C61CA2731288A7 /* Pods_Mena_App_Mena_AppUITests.framework */,
				A061F7859AE5E86F74E25865 /* Pods_Mena_AppTests.framework */,
			);
			name = Frameworks;
			sourceTree = "<group>";
		};
		C53748E40687E27E47392DFA /* Pods */ = {
			isa = PBXGroup;
			children = (
				7603F42A0DA5F300225B01B1 /* Pods-Mena App.debug.xcconfig */,
				57C1934E2EBE098ECDE65BA1 /* Pods-Mena App.release.xcconfig */,
				7611C2EC8FCA1FA9B932A047 /* Pods-Mena App-Mena AppUITests.debug.xcconfig */,
				CE758EEBE9B8B3FE499807AA /* Pods-Mena App-Mena AppUITests.release.xcconfig */,
				F9E569A44EC72F3B01404D9A /* Pods-Mena AppTests.debug.xcconfig */,
				85670122D11D29923A700363 /* Pods-Mena AppTests.release.xcconfig */,
			);
			path = Pods;
			sourceTree = "<group>";
		};
/* End PBXGroup section */

/* Begin PBXNativeTarget section */
		0463DD922C1386F400B775B1 /* Mena App */ = {
			isa = PBXNativeTarget;
			buildConfigurationList = 0463DDBD2C1386F700B775B1 /* Build configuration list for PBXNativeTarget "Mena App" */;
			buildPhases = (
				C309B6B6AABBE87408EA69E0 /* [CP] Check Pods Manifest.lock */,
				0463DD8F2C1386F400B775B1 /* Sources */,
				0463DD902C1386F400B775B1 /* Frameworks */,
				0463DD912C1386F400B775B1 /* Resources */,
				E1DEFC73818C48FF557159AC /* [CP] Embed Pods Frameworks */,
				0428FEF62C2652A500B57812 /* Embed Frameworks */,
			);
			buildRules = (
			);
			dependencies = (
			);
			name = "Mena App";
			packageProductDependencies = (
				0428FF012C29AD3E00B57812 /* SwiftKeychainWrapper */,
				04E6DD7A2C35AF4F0084834E /* Alamofire */,
				0444E40A2C3ED5C0009F7614 /* BigDecimal */,
			);
			productName = "Mena App";
			productReference = 0463DD932C1386F400B775B1 /* Mena App.app */;
			productType = "com.apple.product-type.application";
		};
		0463DDA82C1386F700B775B1 /* Mena AppTests */ = {
			isa = PBXNativeTarget;
			buildConfigurationList = 0463DDC02C1386F700B775B1 /* Build configuration list for PBXNativeTarget "Mena AppTests" */;
			buildPhases = (
				8C3B0AA53896604FCC919978 /* [CP] Check Pods Manifest.lock */,
				0463DDA52C1386F700B775B1 /* Sources */,
				0463DDA62C1386F700B775B1 /* Frameworks */,
				0463DDA72C1386F700B775B1 /* Resources */,
			);
			buildRules = (
			);
			dependencies = (
				0463DDAB2C1386F700B775B1 /* PBXTargetDependency */,
			);
			name = "Mena AppTests";
			productName = "Mena AppTests";
			productReference = 0463DDA92C1386F700B775B1 /* Mena AppTests.xctest */;
			productType = "com.apple.product-type.bundle.unit-test";
		};
		0463DDB22C1386F700B775B1 /* Mena AppUITests */ = {
			isa = PBXNativeTarget;
			buildConfigurationList = 0463DDC32C1386F700B775B1 /* Build configuration list for PBXNativeTarget "Mena AppUITests" */;
			buildPhases = (
				9572CC57BF696311E62D4877 /* [CP] Check Pods Manifest.lock */,
				0463DDAF2C1386F700B775B1 /* Sources */,
				0463DDB02C1386F700B775B1 /* Frameworks */,
				0463DDB12C1386F700B775B1 /* Resources */,
				8C0EEF20A81F8F7EC9B67B8A /* [CP] Embed Pods Frameworks */,
			);
			buildRules = (
			);
			dependencies = (
				0463DDB52C1386F700B775B1 /* PBXTargetDependency */,
			);
			name = "Mena AppUITests";
			productName = "Mena AppUITests";
			productReference = 0463DDB32C1386F700B775B1 /* Mena AppUITests.xctest */;
			productType = "com.apple.product-type.bundle.ui-testing";
		};
/* End PBXNativeTarget section */

/* Begin PBXProject section */
		0463DD8B2C1386F400B775B1 /* Project object */ = {
			isa = PBXProject;
			attributes = {
				BuildIndependentTargetsInParallel = 1;
				LastSwiftUpdateCheck = 1540;
				LastUpgradeCheck = 1540;
				ORGANIZATIONNAME = Shoaib;
				TargetAttributes = {
					0463DD922C1386F400B775B1 = {
						CreatedOnToolsVersion = 15.4;
					};
					0463DDA82C1386F700B775B1 = {
						CreatedOnToolsVersion = 15.4;
						TestTargetID = 0463DD922C1386F400B775B1;
					};
					0463DDB22C1386F700B775B1 = {
						CreatedOnToolsVersion = 15.4;
						TestTargetID = 0463DD922C1386F400B775B1;
					};
				};
			};
			buildConfigurationList = 0463DD8E2C1386F400B775B1 /* Build configuration list for PBXProject "Mena App" */;
			compatibilityVersion = "Xcode 14.0";
			developmentRegion = en;
			hasScannedForEncodings = 0;
			knownRegions = (
				en,
				Base,
			);
			mainGroup = 0463DD8A2C1386F400B775B1;
			packageReferences = (
				0428FF002C29AD3E00B57812 /* XCRemoteSwiftPackageReference "SwiftKeychainWrapper" */,
				04643A262C2A883100097035 /* XCRemoteSwiftPackageReference "Alamofire" */,
				0444E4092C3ED5C0009F7614 /* XCRemoteSwiftPackageReference "BigDecimal" */,
			);
			productRefGroup = 0463DD942C1386F400B775B1 /* Products */;
			projectDirPath = "";
			projectRoot = "";
			targets = (
				0463DD922C1386F400B775B1 /* Mena App */,
				0463DDA82C1386F700B775B1 /* Mena AppTests */,
				0463DDB22C1386F700B775B1 /* Mena AppUITests */,
			);
		};
/* End PBXProject section */

/* Begin PBXResourcesBuildPhase section */
		0463DD912C1386F400B775B1 /* Resources */ = {
			isa = PBXResourcesBuildPhase;
			buildActionMask = 2147483647;
			files = (
				04A1C2792C2588390096B79F /* LaunchScreen.storyboard in Resources */,
				04A1C2782C2588320096B79F /* Main.storyboard in Resources */,
				0463DDA02C1386F700B775B1 /* Assets.xcassets in Resources */,
				0463DDA32C1386F700B775B1 /* Base in Resources */,
				04066CF72C16243E0089DAF8 /* TransactionCell.xib in Resources */,
				04C54C3F2C149E4100D3AFCE /* Poppins_Regular.otf in Resources */,
				04C54C3D2C149E4100D3AFCE /* Poppins_Medium.otf in Resources */,
				04C54C3C2C149E4100D3AFCE /* Poppins_Bold.otf in Resources */,
				0463DDE12C1446CA00B775B1 /* PreLogin.storyboard in Resources */,
				04C54C3E2C149E4100D3AFCE /* Poppins_SemiBold.otf in Resources */,
			);
			runOnlyForDeploymentPostprocessing = 0;
		};
		0463DDA72C1386F700B775B1 /* Resources */ = {
			isa = PBXResourcesBuildPhase;
			buildActionMask = 2147483647;
			files = (
			);
			runOnlyForDeploymentPostprocessing = 0;
		};
		0463DDB12C1386F700B775B1 /* Resources */ = {
			isa = PBXResourcesBuildPhase;
			buildActionMask = 2147483647;
			files = (
			);
			runOnlyForDeploymentPostprocessing = 0;
		};
/* End PBXResourcesBuildPhase section */

/* Begin PBXShellScriptBuildPhase section */
		8C0EEF20A81F8F7EC9B67B8A /* [CP] Embed Pods Frameworks */ = {
			isa = PBXShellScriptBuildPhase;
			buildActionMask = 2147483647;
			files = (
			);
			inputFileListPaths = (
				"${PODS_ROOT}/Target Support Files/Pods-Mena App-Mena AppUITests/Pods-Mena App-Mena AppUITests-frameworks-${CONFIGURATION}-input-files.xcfilelist",
			);
			name = "[CP] Embed Pods Frameworks";
			outputFileListPaths = (
				"${PODS_ROOT}/Target Support Files/Pods-Mena App-Mena AppUITests/Pods-Mena App-Mena AppUITests-frameworks-${CONFIGURATION}-output-files.xcfilelist",
			);
			runOnlyForDeploymentPostprocessing = 0;
			shellPath = /bin/sh;
			shellScript = "\"${PODS_ROOT}/Target Support Files/Pods-Mena App-Mena AppUITests/Pods-Mena App-Mena AppUITests-frameworks.sh\"\n";
			showEnvVarsInLog = 0;
		};
		8C3B0AA53896604FCC919978 /* [CP] Check Pods Manifest.lock */ = {
			isa = PBXShellScriptBuildPhase;
			buildActionMask = 2147483647;
			files = (
			);
			inputFileListPaths = (
			);
			inputPaths = (
				"${PODS_PODFILE_DIR_PATH}/Podfile.lock",
				"${PODS_ROOT}/Manifest.lock",
			);
			name = "[CP] Check Pods Manifest.lock";
			outputFileListPaths = (
			);
			outputPaths = (
				"$(DERIVED_FILE_DIR)/Pods-Mena AppTests-checkManifestLockResult.txt",
			);
			runOnlyForDeploymentPostprocessing = 0;
			shellPath = /bin/sh;
			shellScript = "diff \"${PODS_PODFILE_DIR_PATH}/Podfile.lock\" \"${PODS_ROOT}/Manifest.lock\" > /dev/null\nif [ $? != 0 ] ; then\n    # print error to STDERR\n    echo \"error: The sandbox is not in sync with the Podfile.lock. Run 'pod install' or update your CocoaPods installation.\" >&2\n    exit 1\nfi\n# This output is used by Xcode 'outputs' to avoid re-running this script phase.\necho \"SUCCESS\" > \"${SCRIPT_OUTPUT_FILE_0}\"\n";
			showEnvVarsInLog = 0;
		};
		9572CC57BF696311E62D4877 /* [CP] Check Pods Manifest.lock */ = {
			isa = PBXShellScriptBuildPhase;
			buildActionMask = 2147483647;
			files = (
			);
			inputFileListPaths = (
			);
			inputPaths = (
				"${PODS_PODFILE_DIR_PATH}/Podfile.lock",
				"${PODS_ROOT}/Manifest.lock",
			);
			name = "[CP] Check Pods Manifest.lock";
			outputFileListPaths = (
			);
			outputPaths = (
				"$(DERIVED_FILE_DIR)/Pods-Mena App-Mena AppUITests-checkManifestLockResult.txt",
			);
			runOnlyForDeploymentPostprocessing = 0;
			shellPath = /bin/sh;
			shellScript = "diff \"${PODS_PODFILE_DIR_PATH}/Podfile.lock\" \"${PODS_ROOT}/Manifest.lock\" > /dev/null\nif [ $? != 0 ] ; then\n    # print error to STDERR\n    echo \"error: The sandbox is not in sync with the Podfile.lock. Run 'pod install' or update your CocoaPods installation.\" >&2\n    exit 1\nfi\n# This output is used by Xcode 'outputs' to avoid re-running this script phase.\necho \"SUCCESS\" > \"${SCRIPT_OUTPUT_FILE_0}\"\n";
			showEnvVarsInLog = 0;
		};
		C309B6B6AABBE87408EA69E0 /* [CP] Check Pods Manifest.lock */ = {
			isa = PBXShellScriptBuildPhase;
			buildActionMask = 2147483647;
			files = (
			);
			inputFileListPaths = (
			);
			inputPaths = (
				"${PODS_PODFILE_DIR_PATH}/Podfile.lock",
				"${PODS_ROOT}/Manifest.lock",
			);
			name = "[CP] Check Pods Manifest.lock";
			outputFileListPaths = (
			);
			outputPaths = (
				"$(DERIVED_FILE_DIR)/Pods-Mena App-checkManifestLockResult.txt",
			);
			runOnlyForDeploymentPostprocessing = 0;
			shellPath = /bin/sh;
			shellScript = "diff \"${PODS_PODFILE_DIR_PATH}/Podfile.lock\" \"${PODS_ROOT}/Manifest.lock\" > /dev/null\nif [ $? != 0 ] ; then\n    # print error to STDERR\n    echo \"error: The sandbox is not in sync with the Podfile.lock. Run 'pod install' or update your CocoaPods installation.\" >&2\n    exit 1\nfi\n# This output is used by Xcode 'outputs' to avoid re-running this script phase.\necho \"SUCCESS\" > \"${SCRIPT_OUTPUT_FILE_0}\"\n";
			showEnvVarsInLog = 0;
		};
		E1DEFC73818C48FF557159AC /* [CP] Embed Pods Frameworks */ = {
			isa = PBXShellScriptBuildPhase;
			buildActionMask = 2147483647;
			files = (
			);
			inputFileListPaths = (
				"${PODS_ROOT}/Target Support Files/Pods-Mena App/Pods-Mena App-frameworks-${CONFIGURATION}-input-files.xcfilelist",
			);
			name = "[CP] Embed Pods Frameworks";
			outputFileListPaths = (
				"${PODS_ROOT}/Target Support Files/Pods-Mena App/Pods-Mena App-frameworks-${CONFIGURATION}-output-files.xcfilelist",
			);
			runOnlyForDeploymentPostprocessing = 0;
			shellPath = /bin/sh;
			shellScript = "\"${PODS_ROOT}/Target Support Files/Pods-Mena App/Pods-Mena App-frameworks.sh\"\n";
			showEnvVarsInLog = 0;
		};
/* End PBXShellScriptBuildPhase section */

/* Begin PBXSourcesBuildPhase section */
		0463DD8F2C1386F400B775B1 /* Sources */ = {
			isa = PBXSourcesBuildPhase;
			buildActionMask = 2147483647;
			files = (
				04C54C442C14A19000D3AFCE /* Globle.swift in Sources */,
				04CC410D2C405F70007865AF /* SendCoinRequest.swift in Sources */,
				042E5F612C46575500E8D4B3 /* TrransactionResponse.swift in Sources */,
				04C54C422C14A15100D3AFCE /* String.swift in Sources */,
				04E6DD6E2C34F1C00084834E /* CoreData.xcdatamodeld in Sources */,
				046E08072C397E2600DDBD3A /* Refill.swift in Sources */,
				04C54C352C149A1A00D3AFCE /* Common.swift in Sources */,
				04C54C322C1499BF00D3AFCE /* Error.swift in Sources */,
				0444E4102C3EF2A5009F7614 /* Utilities.swift in Sources */,
				04C54C262C14974D00D3AFCE /* Router.swift in Sources */,
				0428FF0A2C29C12200B57812 /* JsonSerializing.swift in Sources */,
				04C54C242C1496C600D3AFCE /* ViewController.swift in Sources */,
				0428FF042C29B18500B57812 /* ErrorLogger.swift in Sources */,
				04C54C482C14AE1200D3AFCE /* PresenterProcessor.swift in Sources */,
				04C54C1A2C144C8E00D3AFCE /* OnboardingContentViewController.swift in Sources */,
				04E6DD672C3470A40084834E /* History.swift in Sources */,
				046E080A2C39AA9F00DDBD3A /* BankDetail.swift in Sources */,
				04E6DD982C391B310084834E /* iOSDropDown.swift in Sources */,
				041966C32C48BAAB002AFF78 /* AESCrypt.swift in Sources */,
				04066CF62C16243E0089DAF8 /* TransactionCell.swift in Sources */,
				046E07FE2C394DC400DDBD3A /* CountryManager.swift in Sources */,
				04C54C2B2C14982300D3AFCE /* ApiList.swift in Sources */,
				04C54C4A2C14AE4C00D3AFCE /* Interactor.swift in Sources */,
				04E6DD722C34F9310084834E /* HistoryData+CoreData.swift in Sources */,
				046E08002C394E6700DDBD3A /* CountryData+CoreData.swift in Sources */,
				04E6DD572C3306420084834E /* UIView.swift in Sources */,
				0463DDDE2C14452500B775B1 /* WebConstants.swift in Sources */,
				04AD7CBC2C18005000BE3E16 /* ChangePasswordViewController.swift in Sources */,
				04BDCF302C158F970053EECE /* TransactionHistoryViewController.swift in Sources */,
				04BDCF2A2C158F350053EECE /* HomeViewController.swift in Sources */,
				049F879E2C250DF600805A74 /* WalletManager.swift in Sources */,
				04E6DD6A2C34846C0084834E /* Formatter.swift in Sources */,
				0428FEFA2C29A72900B57812 /* MessageHelper.swift in Sources */,
				04AD7CC42C1800F200BE3E16 /* ImportPrivateKeyViewController.swift in Sources */,
				0463DD972C1386F400B775B1 /* AppDelegate.swift in Sources */,
				042111C42C43D597002621F7 /* ScanResult.swift in Sources */,
				04AD7CCF2C19423100BE3E16 /* RecieveViewController.swift in Sources */,
				046E080F2C39D6D400DDBD3A /* RefillManager.swift in Sources */,
				046E080D2C39D46E00DDBD3A /* BankRefillREsponse.swift in Sources */,
				046E08042C394FDB00DDBD3A /* CurrencyData+CoreData.swift in Sources */,
				04AD7CCA2C18053C00BE3E16 /* SendCoinViewController.swift in Sources */,
				046E07FC2C39342200DDBD3A /* CountryCurrency.swift in Sources */,
				04AD7CC22C1800C800BE3E16 /* ImportWalletViewController.swift in Sources */,
				04834A822C1B71E500C19EA2 /* AllRefillViewController.swift in Sources */,
				04F36B222C21E09400E6B0A7 /* ReadMe.swift in Sources */,
				046E08112C39D73500DDBD3A /* RefillData+CoreData.swift in Sources */,
				04AD7CC72C1804D600BE3E16 /* RefillViewController.swift in Sources */,
				0428FEF82C29A53100B57812 /* SignatureHelper.swift in Sources */,
				04AD7CD52C19636A00BE3E16 /* ImportMnemonicViewController.swift in Sources */,
				04C54C2F2C14997800D3AFCE /* ErrorMessage.swift in Sources */,
				04E6DD702C34F53C0084834E /* TransactionManager.swift in Sources */,
				04C54C1F2C1490E100D3AFCE /* Identifiers.swift in Sources */,
				04C54C1B2C144C8E00D3AFCE /* OnboardingViewController.swift in Sources */,
				04BDCF2C2C158F5C0053EECE /* PaymentViewController.swift in Sources */,
				04AD7CBE2C18007B00BE3E16 /* ChangeBankingDetailViewController.swift in Sources */,
				04AD7CC02C1800A500BE3E16 /* PrivateKeyViewController.swift in Sources */,
				046E08132C3A707A00DDBD3A /* MenaWalletManager.swift in Sources */,
				04E6DD812C35CE0F0084834E /* Contracts.swift in Sources */,
				04C54C462C14ADD800D3AFCE /* Presenter.swift in Sources */,
				04AD7CDA2C19682500BE3E16 /* ShowPrivateKeyViewController.swift in Sources */,
				04C54C4F2C14BD1000D3AFCE /* PasswordViewController.swift in Sources */,
				04BDCF2E2C158F760053EECE /* SettingViewController.swift in Sources */,
				04C54C4C2C14AEF600D3AFCE /* WebService.swift in Sources */,
				04E6DD832C35DA490084834E /* ContractManager.swift in Sources */,
				042111C72C43D724002621F7 /* BalanceEntity.swift in Sources */,
				04BDCF242C157D5B0053EECE /* TabBarController.swift in Sources */,
				042E5F5C2C459CA900E8D4B3 /* BalanceManager.swift in Sources */,
				04C54C1D2C144C8E00D3AFCE /* OnboardingPageViewController.swift in Sources */,
				046E08022C394F4A00DDBD3A /* CurrencyManager.swift in Sources */,
				0463DDDC2C14451500B775B1 /* Constants.swift in Sources */,
				04AD7CD22C1948BC00BE3E16 /* WaitingNFCViewController.swift in Sources */,
				04AD7CCC2C18A90400BE3E16 /* CustomHeader.swift in Sources */,
				0428FF072C29B65500B57812 /* SignUpRequest.swift in Sources */,
				04C54C282C1497D600D3AFCE /* Protocol.swift in Sources */,
				04C54C372C149B7400D3AFCE /* FontHelper.swift in Sources */,
				04C54C2D2C14996200D3AFCE /* AppData.swift in Sources */,
				04E6DD852C35DD430084834E /* ContractData+CoreData.swift in Sources */,
				042E5F5E2C4615C100E8D4B3 /* BalanceData+Coredata.swift in Sources */,
				04C54C522C14E08D00D3AFCE /* CreateWalletViewController.swift in Sources */,
			);
			runOnlyForDeploymentPostprocessing = 0;
		};
		0463DDA52C1386F700B775B1 /* Sources */ = {
			isa = PBXSourcesBuildPhase;
			buildActionMask = 2147483647;
			files = (
				0463DDAE2C1386F700B775B1 /* Mena_AppTests.swift in Sources */,
			);
			runOnlyForDeploymentPostprocessing = 0;
		};
		0463DDAF2C1386F700B775B1 /* Sources */ = {
			isa = PBXSourcesBuildPhase;
			buildActionMask = 2147483647;
			files = (
				0463DDBA2C1386F700B775B1 /* Mena_AppUITestsLaunchTests.swift in Sources */,
				0463DDB82C1386F700B775B1 /* Mena_AppUITests.swift in Sources */,
			);
			runOnlyForDeploymentPostprocessing = 0;
		};
/* End PBXSourcesBuildPhase section */

/* Begin PBXTargetDependency section */
		0463DDAB2C1386F700B775B1 /* PBXTargetDependency */ = {
			isa = PBXTargetDependency;
			target = 0463DD922C1386F400B775B1 /* Mena App */;
			targetProxy = 0463DDAA2C1386F700B775B1 /* PBXContainerItemProxy */;
		};
		0463DDB52C1386F700B775B1 /* PBXTargetDependency */ = {
			isa = PBXTargetDependency;
			target = 0463DD922C1386F400B775B1 /* Mena App */;
			targetProxy = 0463DDB42C1386F700B775B1 /* PBXContainerItemProxy */;
		};
/* End PBXTargetDependency section */

/* Begin PBXVariantGroup section */
		0463DD9C2C1386F400B775B1 /* Main.storyboard */ = {
			isa = PBXVariantGroup;
			children = (
				0463DD9D2C1386F400B775B1 /* Base */,
			);
			name = Main.storyboard;
			sourceTree = "<group>";
		};
		0463DDA12C1386F700B775B1 /* LaunchScreen.storyboard */ = {
			isa = PBXVariantGroup;
			children = (
				0463DDA22C1386F700B775B1 /* Base */,
			);
			name = LaunchScreen.storyboard;
			sourceTree = "<group>";
		};
/* End PBXVariantGroup section */

/* Begin XCBuildConfiguration section */
		0463DDBB2C1386F700B775B1 /* Debug */ = {
			isa = XCBuildConfiguration;
			buildSettings = {
				ALWAYS_SEARCH_USER_PATHS = NO;
				ASSETCATALOG_COMPILER_GENERATE_SWIFT_ASSET_SYMBOL_EXTENSIONS = YES;
				CLANG_ANALYZER_NONNULL = YES;
				CLANG_ANALYZER_NUMBER_OBJECT_CONVERSION = YES_AGGRESSIVE;
				CLANG_CXX_LANGUAGE_STANDARD = "gnu++20";
				CLANG_ENABLE_MODULES = YES;
				CLANG_ENABLE_OBJC_ARC = YES;
				CLANG_ENABLE_OBJC_WEAK = YES;
				CLANG_WARN_BLOCK_CAPTURE_AUTORELEASING = YES;
				CLANG_WARN_BOOL_CONVERSION = YES;
				CLANG_WARN_COMMA = YES;
				CLANG_WARN_CONSTANT_CONVERSION = YES;
				CLANG_WARN_DEPRECATED_OBJC_IMPLEMENTATIONS = YES;
				CLANG_WARN_DIRECT_OBJC_ISA_USAGE = YES_ERROR;
				CLANG_WARN_DOCUMENTATION_COMMENTS = YES;
				CLANG_WARN_EMPTY_BODY = YES;
				CLANG_WARN_ENUM_CONVERSION = YES;
				CLANG_WARN_INFINITE_RECURSION = YES;
				CLANG_WARN_INT_CONVERSION = YES;
				CLANG_WARN_NON_LITERAL_NULL_CONVERSION = YES;
				CLANG_WARN_OBJC_IMPLICIT_RETAIN_SELF = YES;
				CLANG_WARN_OBJC_LITERAL_CONVERSION = YES;
				CLANG_WARN_OBJC_ROOT_CLASS = YES_ERROR;
				CLANG_WARN_QUOTED_INCLUDE_IN_FRAMEWORK_HEADER = YES;
				CLANG_WARN_RANGE_LOOP_ANALYSIS = YES;
				CLANG_WARN_STRICT_PROTOTYPES = YES;
				CLANG_WARN_SUSPICIOUS_MOVE = YES;
				CLANG_WARN_UNGUARDED_AVAILABILITY = YES_AGGRESSIVE;
				CLANG_WARN_UNREACHABLE_CODE = YES;
				CLANG_WARN__DUPLICATE_METHOD_MATCH = YES;
				COPY_PHASE_STRIP = NO;
				DEBUG_INFORMATION_FORMAT = dwarf;
				ENABLE_STRICT_OBJC_MSGSEND = YES;
				ENABLE_TESTABILITY = YES;
				ENABLE_USER_SCRIPT_SANDBOXING = NO;
				GCC_C_LANGUAGE_STANDARD = gnu17;
				GCC_DYNAMIC_NO_PIC = NO;
				GCC_NO_COMMON_BLOCKS = YES;
				GCC_OPTIMIZATION_LEVEL = 0;
				GCC_PREPROCESSOR_DEFINITIONS = (
					"DEBUG=1",
					"$(inherited)",
				);
				GCC_WARN_64_TO_32_BIT_CONVERSION = YES;
				GCC_WARN_ABOUT_RETURN_TYPE = YES_ERROR;
				GCC_WARN_UNDECLARED_SELECTOR = YES;
				GCC_WARN_UNINITIALIZED_AUTOS = YES_AGGRESSIVE;
				GCC_WARN_UNUSED_FUNCTION = YES;
				GCC_WARN_UNUSED_VARIABLE = YES;
				IPHONEOS_DEPLOYMENT_TARGET = 13.0;
				LOCALIZATION_PREFERS_STRING_CATALOGS = YES;
				MTL_ENABLE_DEBUG_INFO = INCLUDE_SOURCE;
				MTL_FAST_MATH = YES;
				ONLY_ACTIVE_ARCH = YES;
				SDKROOT = iphoneos;
				SWIFT_ACTIVE_COMPILATION_CONDITIONS = "DEBUG $(inherited)";
				SWIFT_OPTIMIZATION_LEVEL = "-Onone";
			};
			name = Debug;
		};
		0463DDBC2C1386F700B775B1 /* Release */ = {
			isa = XCBuildConfiguration;
			buildSettings = {
				ALWAYS_SEARCH_USER_PATHS = NO;
				ASSETCATALOG_COMPILER_GENERATE_SWIFT_ASSET_SYMBOL_EXTENSIONS = YES;
				CLANG_ANALYZER_NONNULL = YES;
				CLANG_ANALYZER_NUMBER_OBJECT_CONVERSION = YES_AGGRESSIVE;
				CLANG_CXX_LANGUAGE_STANDARD = "gnu++20";
				CLANG_ENABLE_MODULES = YES;
				CLANG_ENABLE_OBJC_ARC = YES;
				CLANG_ENABLE_OBJC_WEAK = YES;
				CLANG_WARN_BLOCK_CAPTURE_AUTORELEASING = YES;
				CLANG_WARN_BOOL_CONVERSION = YES;
				CLANG_WARN_COMMA = YES;
				CLANG_WARN_CONSTANT_CONVERSION = YES;
				CLANG_WARN_DEPRECATED_OBJC_IMPLEMENTATIONS = YES;
				CLANG_WARN_DIRECT_OBJC_ISA_USAGE = YES_ERROR;
				CLANG_WARN_DOCUMENTATION_COMMENTS = YES;
				CLANG_WARN_EMPTY_BODY = YES;
				CLANG_WARN_ENUM_CONVERSION = YES;
				CLANG_WARN_INFINITE_RECURSION = YES;
				CLANG_WARN_INT_CONVERSION = YES;
				CLANG_WARN_NON_LITERAL_NULL_CONVERSION = YES;
				CLANG_WARN_OBJC_IMPLICIT_RETAIN_SELF = YES;
				CLANG_WARN_OBJC_LITERAL_CONVERSION = YES;
				CLANG_WARN_OBJC_ROOT_CLASS = YES_ERROR;
				CLANG_WARN_QUOTED_INCLUDE_IN_FRAMEWORK_HEADER = YES;
				CLANG_WARN_RANGE_LOOP_ANALYSIS = YES;
				CLANG_WARN_STRICT_PROTOTYPES = YES;
				CLANG_WARN_SUSPICIOUS_MOVE = YES;
				CLANG_WARN_UNGUARDED_AVAILABILITY = YES_AGGRESSIVE;
				CLANG_WARN_UNREACHABLE_CODE = YES;
				CLANG_WARN__DUPLICATE_METHOD_MATCH = YES;
				COPY_PHASE_STRIP = NO;
				DEBUG_INFORMATION_FORMAT = "dwarf-with-dsym";
				ENABLE_NS_ASSERTIONS = NO;
				ENABLE_STRICT_OBJC_MSGSEND = YES;
				ENABLE_USER_SCRIPT_SANDBOXING = NO;
				GCC_C_LANGUAGE_STANDARD = gnu17;
				GCC_NO_COMMON_BLOCKS = YES;
				GCC_WARN_64_TO_32_BIT_CONVERSION = YES;
				GCC_WARN_ABOUT_RETURN_TYPE = YES_ERROR;
				GCC_WARN_UNDECLARED_SELECTOR = YES;
				GCC_WARN_UNINITIALIZED_AUTOS = YES_AGGRESSIVE;
				GCC_WARN_UNUSED_FUNCTION = YES;
				GCC_WARN_UNUSED_VARIABLE = YES;
				IPHONEOS_DEPLOYMENT_TARGET = 13.0;
				LOCALIZATION_PREFERS_STRING_CATALOGS = YES;
				MTL_ENABLE_DEBUG_INFO = NO;
				MTL_FAST_MATH = YES;
				SDKROOT = iphoneos;
				SWIFT_COMPILATION_MODE = wholemodule;
				VALIDATE_PRODUCT = YES;
			};
			name = Release;
		};
		0463DDBE2C1386F700B775B1 /* Debug */ = {
			isa = XCBuildConfiguration;
			baseConfigurationReference = 7603F42A0DA5F300225B01B1 /* Pods-Mena App.debug.xcconfig */;
			buildSettings = {
				ASSETCATALOG_COMPILER_APPICON_NAME = AppIcon;
				ASSETCATALOG_COMPILER_GLOBAL_ACCENT_COLOR_NAME = AccentColor;
				ASSETCATALOG_COMPILER_INCLUDE_ALL_APPICON_ASSETS = YES;
				CODE_SIGN_STYLE = Automatic;
				CURRENT_PROJECT_VERSION = 1;
				DEVELOPMENT_TEAM = GSMQLT9N6N;
				FRAMEWORK_SEARCH_PATHS = (
					"$(inherited)",
					"$(PROJECT_DIR)/Carthage/Build/iOS",
					"$(PROJECT_DIR)/Carthage/Checkouts/CryptoEthereumSwift/Carthage/Build/iOS",
					"$(PROJECT_DIR)/Carthage/Checkouts/EthereumKit/Carthage/Checkouts/CryptoEthereumSwift/Carthage/Build/iOS",
				);
				GENERATE_INFOPLIST_FILE = YES;
				INFOPLIST_FILE = "Mena App/Info.plist";
				INFOPLIST_KEY_LSApplicationCategoryType = "public.app-category.finance";
				INFOPLIST_KEY_UIApplicationSupportsIndirectInputEvents = YES;
				INFOPLIST_KEY_UILaunchStoryboardName = LaunchScreen;
				INFOPLIST_KEY_UIMainStoryboardFile = PreLogin;
				INFOPLIST_KEY_UIStatusBarStyle = "";
				INFOPLIST_KEY_UISupportedInterfaceOrientations = UIInterfaceOrientationPortrait;
				IPHONEOS_DEPLOYMENT_TARGET = 13.0;
				LD_RUNPATH_SEARCH_PATHS = (
					"$(inherited)",
					"@executable_path/Frameworks",
				);
				LIBRARY_SEARCH_PATHS = (
					"$(inherited)",
					"$(PROJECT_DIR)/Carthage/Checkouts/CryptoEthereumSwift/Libraries/openssl/lib",
					"$(PROJECT_DIR)/Carthage/Checkouts/CryptoEthereumSwift/Libraries/secp256k1/lib",
					"$(PROJECT_DIR)/Carthage/Checkouts/EthereumKit/Carthage/Checkouts/CryptoEthereumSwift/Libraries/openssl/lib",
					"$(PROJECT_DIR)/Carthage/Checkouts/EthereumKit/Carthage/Checkouts/CryptoEthereumSwift/Libraries/secp256k1/lib",
				);
				MARKETING_VERSION = 1.0;
				PRODUCT_BUNDLE_IDENTIFIER = com.catchapp.user;
				PRODUCT_NAME = "$(TARGET_NAME)";
				SUPPORTED_PLATFORMS = "iphoneos iphonesimulator";
				SUPPORTS_MACCATALYST = NO;
				SUPPORTS_MAC_DESIGNED_FOR_IPHONE_IPAD = NO;
				SUPPORTS_XR_DESIGNED_FOR_IPHONE_IPAD = NO;
				SWIFT_EMIT_LOC_STRINGS = YES;
				SWIFT_VERSION = 5.0;
				TARGETED_DEVICE_FAMILY = "1,2";
			};
			name = Debug;
		};
		0463DDBF2C1386F700B775B1 /* Release */ = {
			isa = XCBuildConfiguration;
			baseConfigurationReference = 57C1934E2EBE098ECDE65BA1 /* Pods-Mena App.release.xcconfig */;
			buildSettings = {
				ASSETCATALOG_COMPILER_APPICON_NAME = AppIcon;
				ASSETCATALOG_COMPILER_GLOBAL_ACCENT_COLOR_NAME = AccentColor;
				ASSETCATALOG_COMPILER_INCLUDE_ALL_APPICON_ASSETS = YES;
				CODE_SIGN_STYLE = Automatic;
				CURRENT_PROJECT_VERSION = 1;
				DEVELOPMENT_TEAM = GSMQLT9N6N;
				FRAMEWORK_SEARCH_PATHS = (
					"$(inherited)",
					"$(PROJECT_DIR)/Carthage/Build/iOS",
					"$(PROJECT_DIR)/Carthage/Checkouts/CryptoEthereumSwift/Carthage/Build/iOS",
					"$(PROJECT_DIR)/Carthage/Checkouts/EthereumKit/Carthage/Checkouts/CryptoEthereumSwift/Carthage/Build/iOS",
				);
				GENERATE_INFOPLIST_FILE = YES;
				INFOPLIST_FILE = "Mena App/Info.plist";
				INFOPLIST_KEY_LSApplicationCategoryType = "public.app-category.finance";
				INFOPLIST_KEY_UIApplicationSupportsIndirectInputEvents = YES;
				INFOPLIST_KEY_UILaunchStoryboardName = LaunchScreen;
				INFOPLIST_KEY_UIMainStoryboardFile = PreLogin;
				INFOPLIST_KEY_UIStatusBarStyle = "";
				INFOPLIST_KEY_UISupportedInterfaceOrientations = UIInterfaceOrientationPortrait;
				IPHONEOS_DEPLOYMENT_TARGET = 13.0;
				LD_RUNPATH_SEARCH_PATHS = (
					"$(inherited)",
					"@executable_path/Frameworks",
				);
				LIBRARY_SEARCH_PATHS = (
					"$(inherited)",
					"$(PROJECT_DIR)/Carthage/Checkouts/CryptoEthereumSwift/Libraries/openssl/lib",
					"$(PROJECT_DIR)/Carthage/Checkouts/CryptoEthereumSwift/Libraries/secp256k1/lib",
					"$(PROJECT_DIR)/Carthage/Checkouts/EthereumKit/Carthage/Checkouts/CryptoEthereumSwift/Libraries/openssl/lib",
					"$(PROJECT_DIR)/Carthage/Checkouts/EthereumKit/Carthage/Checkouts/CryptoEthereumSwift/Libraries/secp256k1/lib",
				);
				MARKETING_VERSION = 1.0;
				PRODUCT_BUNDLE_IDENTIFIER = com.catchapp.user;
				PRODUCT_NAME = "$(TARGET_NAME)";
				SUPPORTED_PLATFORMS = "iphoneos iphonesimulator";
				SUPPORTS_MACCATALYST = NO;
				SUPPORTS_MAC_DESIGNED_FOR_IPHONE_IPAD = NO;
				SUPPORTS_XR_DESIGNED_FOR_IPHONE_IPAD = NO;
				SWIFT_EMIT_LOC_STRINGS = YES;
				SWIFT_VERSION = 5.0;
				TARGETED_DEVICE_FAMILY = "1,2";
			};
			name = Release;
		};
		0463DDC12C1386F700B775B1 /* Debug */ = {
			isa = XCBuildConfiguration;
			baseConfigurationReference = F9E569A44EC72F3B01404D9A /* Pods-Mena AppTests.debug.xcconfig */;
			buildSettings = {
				ALWAYS_EMBED_SWIFT_STANDARD_LIBRARIES = YES;
				BUNDLE_LOADER = "$(TEST_HOST)";
				CODE_SIGN_STYLE = Automatic;
				CURRENT_PROJECT_VERSION = 1;
				DEVELOPMENT_TEAM = 32LMXM28SV;
				GENERATE_INFOPLIST_FILE = YES;
				IPHONEOS_DEPLOYMENT_TARGET = 17.5;
				MARKETING_VERSION = 1.0;
				PRODUCT_BUNDLE_IDENTIFIER = "Shoaib.Mena-AppTests";
				PRODUCT_NAME = "$(TARGET_NAME)";
				SWIFT_EMIT_LOC_STRINGS = NO;
				SWIFT_VERSION = 5.0;
				TARGETED_DEVICE_FAMILY = "1,2";
				TEST_HOST = "$(BUILT_PRODUCTS_DIR)/Mena App.app/$(BUNDLE_EXECUTABLE_FOLDER_PATH)/Mena App";
			};
			name = Debug;
		};
		0463DDC22C1386F700B775B1 /* Release */ = {
			isa = XCBuildConfiguration;
			baseConfigurationReference = 85670122D11D29923A700363 /* Pods-Mena AppTests.release.xcconfig */;
			buildSettings = {
				ALWAYS_EMBED_SWIFT_STANDARD_LIBRARIES = YES;
				BUNDLE_LOADER = "$(TEST_HOST)";
				CODE_SIGN_STYLE = Automatic;
				CURRENT_PROJECT_VERSION = 1;
				DEVELOPMENT_TEAM = 32LMXM28SV;
				GENERATE_INFOPLIST_FILE = YES;
				IPHONEOS_DEPLOYMENT_TARGET = 17.5;
				MARKETING_VERSION = 1.0;
				PRODUCT_BUNDLE_IDENTIFIER = "Shoaib.Mena-AppTests";
				PRODUCT_NAME = "$(TARGET_NAME)";
				SWIFT_EMIT_LOC_STRINGS = NO;
				SWIFT_VERSION = 5.0;
				TARGETED_DEVICE_FAMILY = "1,2";
				TEST_HOST = "$(BUILT_PRODUCTS_DIR)/Mena App.app/$(BUNDLE_EXECUTABLE_FOLDER_PATH)/Mena App";
			};
			name = Release;
		};
		0463DDC42C1386F700B775B1 /* Debug */ = {
			isa = XCBuildConfiguration;
			baseConfigurationReference = 7611C2EC8FCA1FA9B932A047 /* Pods-Mena App-Mena AppUITests.debug.xcconfig */;
			buildSettings = {
				ALWAYS_EMBED_SWIFT_STANDARD_LIBRARIES = YES;
				CODE_SIGN_STYLE = Automatic;
				CURRENT_PROJECT_VERSION = 1;
				DEVELOPMENT_TEAM = 32LMXM28SV;
				GENERATE_INFOPLIST_FILE = YES;
				MARKETING_VERSION = 1.0;
				PRODUCT_BUNDLE_IDENTIFIER = "Shoaib.Mena-AppUITests";
				PRODUCT_NAME = "$(TARGET_NAME)";
				SWIFT_EMIT_LOC_STRINGS = NO;
				SWIFT_VERSION = 5.0;
				TARGETED_DEVICE_FAMILY = "1,2";
				TEST_TARGET_NAME = "Mena App";
			};
			name = Debug;
		};
		0463DDC52C1386F700B775B1 /* Release */ = {
			isa = XCBuildConfiguration;
			baseConfigurationReference = CE758EEBE9B8B3FE499807AA /* Pods-Mena App-Mena AppUITests.release.xcconfig */;
			buildSettings = {
				ALWAYS_EMBED_SWIFT_STANDARD_LIBRARIES = YES;
				CODE_SIGN_STYLE = Automatic;
				CURRENT_PROJECT_VERSION = 1;
				DEVELOPMENT_TEAM = 32LMXM28SV;
				GENERATE_INFOPLIST_FILE = YES;
				MARKETING_VERSION = 1.0;
				PRODUCT_BUNDLE_IDENTIFIER = "Shoaib.Mena-AppUITests";
				PRODUCT_NAME = "$(TARGET_NAME)";
				SWIFT_EMIT_LOC_STRINGS = NO;
				SWIFT_VERSION = 5.0;
				TARGETED_DEVICE_FAMILY = "1,2";
				TEST_TARGET_NAME = "Mena App";
			};
			name = Release;
		};
/* End XCBuildConfiguration section */

/* Begin XCConfigurationList section */
		0463DD8E2C1386F400B775B1 /* Build configuration list for PBXProject "Mena App" */ = {
			isa = XCConfigurationList;
			buildConfigurations = (
				0463DDBB2C1386F700B775B1 /* Debug */,
				0463DDBC2C1386F700B775B1 /* Release */,
			);
			defaultConfigurationIsVisible = 0;
			defaultConfigurationName = Debug;
		};
		0463DDBD2C1386F700B775B1 /* Build configuration list for PBXNativeTarget "Mena App" */ = {
			isa = XCConfigurationList;
			buildConfigurations = (
				0463DDBE2C1386F700B775B1 /* Debug */,
				0463DDBF2C1386F700B775B1 /* Release */,
			);
			defaultConfigurationIsVisible = 0;
			defaultConfigurationName = Debug;
		};
		0463DDC02C1386F700B775B1 /* Build configuration list for PBXNativeTarget "Mena AppTests" */ = {
			isa = XCConfigurationList;
			buildConfigurations = (
				0463DDC12C1386F700B775B1 /* Debug */,
				0463DDC22C1386F700B775B1 /* Release */,
			);
			defaultConfigurationIsVisible = 0;
			defaultConfigurationName = Debug;
		};
		0463DDC32C1386F700B775B1 /* Build configuration list for PBXNativeTarget "Mena AppUITests" */ = {
			isa = XCConfigurationList;
			buildConfigurations = (
				0463DDC42C1386F700B775B1 /* Debug */,
				0463DDC52C1386F700B775B1 /* Release */,
			);
			defaultConfigurationIsVisible = 0;
			defaultConfigurationName = Debug;
		};
/* End XCConfigurationList section */

/* Begin XCRemoteSwiftPackageReference section */
		0428FF002C29AD3E00B57812 /* XCRemoteSwiftPackageReference "SwiftKeychainWrapper" */ = {
			isa = XCRemoteSwiftPackageReference;
			repositoryURL = "https://github.com/jrendel/SwiftKeychainWrapper";
			requirement = {
				kind = upToNextMajorVersion;
				minimumVersion = 4.0.1;
			};
		};
		0444E4092C3ED5C0009F7614 /* XCRemoteSwiftPackageReference "BigDecimal" */ = {
			isa = XCRemoteSwiftPackageReference;
			repositoryURL = "https://github.com/Zollerboy1/BigDecimal.git";
			requirement = {
				kind = upToNextMajorVersion;
				minimumVersion = 1.0.2;
			};
		};
		04643A262C2A883100097035 /* XCRemoteSwiftPackageReference "Alamofire" */ = {
			isa = XCRemoteSwiftPackageReference;
			repositoryURL = "https://github.com/Alamofire/Alamofire.git";
			requirement = {
				kind = upToNextMajorVersion;
				minimumVersion = 5.9.1;
			};
		};
/* End XCRemoteSwiftPackageReference section */

/* Begin XCSwiftPackageProductDependency section */
		0428FF012C29AD3E00B57812 /* SwiftKeychainWrapper */ = {
			isa = XCSwiftPackageProductDependency;
			package = 0428FF002C29AD3E00B57812 /* XCRemoteSwiftPackageReference "SwiftKeychainWrapper" */;
			productName = SwiftKeychainWrapper;
		};
		0444E40A2C3ED5C0009F7614 /* BigDecimal */ = {
			isa = XCSwiftPackageProductDependency;
			package = 0444E4092C3ED5C0009F7614 /* XCRemoteSwiftPackageReference "BigDecimal" */;
			productName = BigDecimal;
		};
		04E6DD7A2C35AF4F0084834E /* Alamofire */ = {
			isa = XCSwiftPackageProductDependency;
			package = 04643A262C2A883100097035 /* XCRemoteSwiftPackageReference "Alamofire" */;
			productName = Alamofire;
		};
/* End XCSwiftPackageProductDependency section */

/* Begin XCVersionGroup section */
		04E6DD6C2C34F1C00084834E /* CoreData.xcdatamodeld */ = {
			isa = XCVersionGroup;
			children = (
				04E6DD6D2C34F1C00084834E /* CoreData.xcdatamodel */,
			);
			currentVersion = 04E6DD6D2C34F1C00084834E /* CoreData.xcdatamodel */;
			name = CoreData.xcdatamodeld;
			path = "/Users/mac/Documents/Personal/PersonalProjects/Mena/Mena App/Mena App/Common/CoreData/CoreData.xcdatamodeld";
			sourceTree = "<group>";
			versionGroupType = wrapper.xcdatamodel;
		};
/* End XCVersionGroup section */
	};
	rootObject = 0463DD8B2C1386F400B775B1 /* Project object */;
}
